// !$*UTF8*$!
{
	archiveVersion = 1;
	classes = {
	};
	objectVersion = 46;
	objects = {

/* Begin PBXBuildFile section */
		ED52FC401B02EA4700A9910D /* AudioController.swift in Sources */ = {isa = PBXBuildFile; fileRef = ED52FC3F1B02EA4700A9910D /* AudioController.swift */; };
		ED52FC431B02EC6100A9910D /* zarvox.aiff in Resources */ = {isa = PBXBuildFile; fileRef = ED52FC421B02EC6100A9910D /* zarvox.aiff */; };
		ED59131D1A97CD790006B20F /* ClockView.swift in Sources */ = {isa = PBXBuildFile; fileRef = ED59131C1A97CD790006B20F /* ClockView.swift */; };
		ED5CD8971A9913D80086886B /* Timer.swift in Sources */ = {isa = PBXBuildFile; fileRef = ED5CD8961A9913D80086886B /* Timer.swift */; };
		ED5CD8991A9CE7CE0086886B /* TimeFormatter.swift in Sources */ = {isa = PBXBuildFile; fileRef = ED5CD8981A9CE7CE0086886B /* TimeFormatter.swift */; };
		ED5CD89D1A9E3AE60086886B /* ClearButton.swift in Sources */ = {isa = PBXBuildFile; fileRef = ED5CD89C1A9E3AE60086886B /* ClearButton.swift */; };
		ED7C11DB1B055E7D00318343 /* SettingsViewController.swift in Sources */ = {isa = PBXBuildFile; fileRef = ED7C11DA1B055E7D00318343 /* SettingsViewController.swift */; };
		ED7C11E01B05EAA000318343 /* AlertSound.swift in Sources */ = {isa = PBXBuildFile; fileRef = ED7C11DF1B05EAA000318343 /* AlertSound.swift */; };
		ED7C11E31B05EFEE00318343 /* hysterical.aiff in Resources */ = {isa = PBXBuildFile; fileRef = ED7C11E21B05EFEE00318343 /* hysterical.aiff */; };
		ED7C93D51AFCB339009C9AF7 /* Arrow.swift in Sources */ = {isa = PBXBuildFile; fileRef = ED7C93D41AFCB339009C9AF7 /* Arrow.swift */; };
		ED7C93D71AFCB347009C9AF7 /* TimerState.swift in Sources */ = {isa = PBXBuildFile; fileRef = ED7C93D61AFCB347009C9AF7 /* TimerState.swift */; };
		ED7EA2C21AC27126008C5237 /* TimerStateArchive.swift in Sources */ = {isa = PBXBuildFile; fileRef = ED7EA2C11AC27126008C5237 /* TimerStateArchive.swift */; };
		ED82F8601CD0687A00D08D56 /* TimeLabel.swift in Sources */ = {isa = PBXBuildFile; fileRef = ED82F85F1CD0687A00D08D56 /* TimeLabel.swift */; };
		ED82F8641CD06B3A00D08D56 /* TimeDeltaCalculator.swift in Sources */ = {isa = PBXBuildFile; fileRef = ED82F8631CD06B3A00D08D56 /* TimeDeltaCalculator.swift */; };
		ED82F8661CD072DC00D08D56 /* PanGestureInfoProviding.swift in Sources */ = {isa = PBXBuildFile; fileRef = ED82F8651CD072DC00D08D56 /* PanGestureInfoProviding.swift */; };
		ED82F8691CD077A100D08D56 /* CustomTimerViewController.swift in Sources */ = {isa = PBXBuildFile; fileRef = ED82F8671CD077A100D08D56 /* CustomTimerViewController.swift */; };
		ED82F86A1CD077A100D08D56 /* CustomTimerViewController.xib in Resources */ = {isa = PBXBuildFile; fileRef = ED82F8681CD077A100D08D56 /* CustomTimerViewController.xib */; };
		ED8C54D51CD8539C00119596 /* BigTimerTests.swift in Sources */ = {isa = PBXBuildFile; fileRef = ED8C54D41CD8539C00119596 /* BigTimerTests.swift */; };
		ED8C54E31CD864AD00119596 /* BigTimerUITests.swift in Sources */ = {isa = PBXBuildFile; fileRef = ED8C54E21CD864AD00119596 /* BigTimerUITests.swift */; };
		ED8C54EB1CD8698000119596 /* SnapshotHelper.swift in Sources */ = {isa = PBXBuildFile; fileRef = ED8C54EA1CD8698000119596 /* SnapshotHelper.swift */; };
		ED8C54F11CD99BE600119596 /* NotificationController.swift in Sources */ = {isa = PBXBuildFile; fileRef = EDC830681ADED1B40001D36F /* NotificationController.swift */; };
		ED8C54F21CD9A82800119596 /* TimerStateArchive.swift in Sources */ = {isa = PBXBuildFile; fileRef = ED7EA2C11AC27126008C5237 /* TimerStateArchive.swift */; };
		ED8C54F31CD9A82B00119596 /* PlistReader.swift in Sources */ = {isa = PBXBuildFile; fileRef = EDE3BF931CCF17B300B4A4C0 /* PlistReader.swift */; };
		ED8C54F41CD9A82E00119596 /* CustomTimerManager.swift in Sources */ = {isa = PBXBuildFile; fileRef = EDE3BF981CCF1E6C00B4A4C0 /* CustomTimerManager.swift */; };
		ED8C54F51CD9A83000119596 /* TimeDeltaCalculator.swift in Sources */ = {isa = PBXBuildFile; fileRef = ED82F8631CD06B3A00D08D56 /* TimeDeltaCalculator.swift */; };
		ED8C54F61CD9A83300119596 /* Theme.swift in Sources */ = {isa = PBXBuildFile; fileRef = EDDA88DA1CD58DAA003ABC96 /* Theme.swift */; };
		ED8C54F71CD9A83E00119596 /* PanGestureInfoProviding.swift in Sources */ = {isa = PBXBuildFile; fileRef = ED82F8651CD072DC00D08D56 /* PanGestureInfoProviding.swift */; };
		ED8C54F81CD9A84200119596 /* TimerState.swift in Sources */ = {isa = PBXBuildFile; fileRef = ED7C93D61AFCB347009C9AF7 /* TimerState.swift */; };
		ED8C54F91CD9A84600119596 /* AlertSound.swift in Sources */ = {isa = PBXBuildFile; fileRef = ED7C11DF1B05EAA000318343 /* AlertSound.swift */; };
		ED8C54FA1CD9A84C00119596 /* TimerValue.swift in Sources */ = {isa = PBXBuildFile; fileRef = EDDA88D81CD5476D003ABC96 /* TimerValue.swift */; };
		ED8C54FB1CD9A85200119596 /* ViewController.swift in Sources */ = {isa = PBXBuildFile; fileRef = EDABD9CF1A7A0CD6006CFBA5 /* ViewController.swift */; };
		ED8C54FC1CD9A85400119596 /* SettingsViewController.swift in Sources */ = {isa = PBXBuildFile; fileRef = ED7C11DA1B055E7D00318343 /* SettingsViewController.swift */; };
		ED8C54FD1CD9A85700119596 /* CustomTimerViewController.swift in Sources */ = {isa = PBXBuildFile; fileRef = ED82F8671CD077A100D08D56 /* CustomTimerViewController.swift */; };
		ED8C54FE1CD9A86900119596 /* Arrow.swift in Sources */ = {isa = PBXBuildFile; fileRef = ED7C93D41AFCB339009C9AF7 /* Arrow.swift */; };
		ED8C54FF1CD9A86C00119596 /* InfoButton.swift in Sources */ = {isa = PBXBuildFile; fileRef = EDE8109B1B1D7AAE00F68BFB /* InfoButton.swift */; };
		ED8C55001CD9A86E00119596 /* ClearButton.swift in Sources */ = {isa = PBXBuildFile; fileRef = ED5CD89C1A9E3AE60086886B /* ClearButton.swift */; };
		ED8C55011CD9A87400119596 /* ClockView.swift in Sources */ = {isa = PBXBuildFile; fileRef = ED59131C1A97CD790006B20F /* ClockView.swift */; };
		ED8C55021CD9A87700119596 /* TimeLabel.swift in Sources */ = {isa = PBXBuildFile; fileRef = ED82F85F1CD0687A00D08D56 /* TimeLabel.swift */; };
		ED8C55031CD9A87900119596 /* AppDelegate.swift in Sources */ = {isa = PBXBuildFile; fileRef = EDABD9CD1A7A0CD6006CFBA5 /* AppDelegate.swift */; };
		ED8C55041CD9A87C00119596 /* Timer.swift in Sources */ = {isa = PBXBuildFile; fileRef = ED5CD8961A9913D80086886B /* Timer.swift */; };
		ED8C55051CD9A87E00119596 /* AudioController.swift in Sources */ = {isa = PBXBuildFile; fileRef = ED52FC3F1B02EA4700A9910D /* AudioController.swift */; };
		ED8C55061CD9A88100119596 /* TimeFormatter.swift in Sources */ = {isa = PBXBuildFile; fileRef = ED5CD8981A9CE7CE0086886B /* TimeFormatter.swift */; };
		ED8C55071CD9A88600119596 /* TimerController.swift in Sources */ = {isa = PBXBuildFile; fileRef = ED9B668C1AD8326300888329 /* TimerController.swift */; };
		ED9B668D1AD8326300888329 /* TimerController.swift in Sources */ = {isa = PBXBuildFile; fileRef = ED9B668C1AD8326300888329 /* TimerController.swift */; };
		EDABD9CE1A7A0CD6006CFBA5 /* AppDelegate.swift in Sources */ = {isa = PBXBuildFile; fileRef = EDABD9CD1A7A0CD6006CFBA5 /* AppDelegate.swift */; };
		EDABD9D01A7A0CD6006CFBA5 /* ViewController.swift in Sources */ = {isa = PBXBuildFile; fileRef = EDABD9CF1A7A0CD6006CFBA5 /* ViewController.swift */; };
		EDABD9D31A7A0CD6006CFBA5 /* Main.storyboard in Resources */ = {isa = PBXBuildFile; fileRef = EDABD9D11A7A0CD6006CFBA5 /* Main.storyboard */; };
		EDABD9D51A7A0CD6006CFBA5 /* Images.xcassets in Resources */ = {isa = PBXBuildFile; fileRef = EDABD9D41A7A0CD6006CFBA5 /* Images.xcassets */; };
		EDABD9D81A7A0CD6006CFBA5 /* LaunchScreen.xib in Resources */ = {isa = PBXBuildFile; fileRef = EDABD9D61A7A0CD6006CFBA5 /* LaunchScreen.xib */; };
		EDC830691ADED1B40001D36F /* NotificationController.swift in Sources */ = {isa = PBXBuildFile; fileRef = EDC830681ADED1B40001D36F /* NotificationController.swift */; };
		EDDA88D91CD5476D003ABC96 /* TimerValue.swift in Sources */ = {isa = PBXBuildFile; fileRef = EDDA88D81CD5476D003ABC96 /* TimerValue.swift */; };
		EDDA88DB1CD58DAA003ABC96 /* Theme.swift in Sources */ = {isa = PBXBuildFile; fileRef = EDDA88DA1CD58DAA003ABC96 /* Theme.swift */; };
		EDE3BF941CCF17B300B4A4C0 /* PlistReader.swift in Sources */ = {isa = PBXBuildFile; fileRef = EDE3BF931CCF17B300B4A4C0 /* PlistReader.swift */; };
		EDE3BF971CCF1C9300B4A4C0 /* CustomTimers.plist in Resources */ = {isa = PBXBuildFile; fileRef = EDE3BF961CCF1C9300B4A4C0 /* CustomTimers.plist */; };
		EDE3BF991CCF1E6C00B4A4C0 /* CustomTimerManager.swift in Sources */ = {isa = PBXBuildFile; fileRef = EDE3BF981CCF1E6C00B4A4C0 /* CustomTimerManager.swift */; };
		EDE8109C1B1D7AAE00F68BFB /* InfoButton.swift in Sources */ = {isa = PBXBuildFile; fileRef = EDE8109B1B1D7AAE00F68BFB /* InfoButton.swift */; };
		EDE9708E1B0D403700F3755F /* trinoids.aiff in Resources */ = {isa = PBXBuildFile; fileRef = EDE9708D1B0D403700F3755F /* trinoids.aiff */; };
		EDE970941B0D41B300F3755F /* bells.aiff in Resources */ = {isa = PBXBuildFile; fileRef = EDE9708F1B0D41B300F3755F /* bells.aiff */; };
		EDE970951B0D41B300F3755F /* boing.aiff in Resources */ = {isa = PBXBuildFile; fileRef = EDE970901B0D41B300F3755F /* boing.aiff */; };
		EDE970961B0D41B300F3755F /* bubbles.aiff in Resources */ = {isa = PBXBuildFile; fileRef = EDE970911B0D41B300F3755F /* bubbles.aiff */; };
		EDE970971B0D41B300F3755F /* cellos.aiff in Resources */ = {isa = PBXBuildFile; fileRef = EDE970921B0D41B300F3755F /* cellos.aiff */; };
		EDE970981B0D41B300F3755F /* deranged.aiff in Resources */ = {isa = PBXBuildFile; fileRef = EDE970931B0D41B300F3755F /* deranged.aiff */; };
/* End PBXBuildFile section */

/* Begin PBXContainerItemProxy section */
		ED8C54D71CD8539C00119596 /* PBXContainerItemProxy */ = {
			isa = PBXContainerItemProxy;
			containerPortal = EDABD9C01A7A0CD6006CFBA5 /* Project object */;
			proxyType = 1;
			remoteGlobalIDString = EDABD9C71A7A0CD6006CFBA5;
			remoteInfo = "Big Timer";
		};
		ED8C54E51CD864AD00119596 /* PBXContainerItemProxy */ = {
			isa = PBXContainerItemProxy;
			containerPortal = EDABD9C01A7A0CD6006CFBA5 /* Project object */;
			proxyType = 1;
			remoteGlobalIDString = EDABD9C71A7A0CD6006CFBA5;
			remoteInfo = "Big Timer";
		};
/* End PBXContainerItemProxy section */

/* Begin PBXFileReference section */
		ED52FC3F1B02EA4700A9910D /* AudioController.swift */ = {isa = PBXFileReference; fileEncoding = 4; lastKnownFileType = sourcecode.swift; path = AudioController.swift; sourceTree = "<group>"; };
		ED52FC421B02EC6100A9910D /* zarvox.aiff */ = {isa = PBXFileReference; lastKnownFileType = audio.aiff; path = zarvox.aiff; sourceTree = "<group>"; };
		ED59131C1A97CD790006B20F /* ClockView.swift */ = {isa = PBXFileReference; fileEncoding = 4; lastKnownFileType = sourcecode.swift; path = ClockView.swift; sourceTree = "<group>"; };
		ED5CD8961A9913D80086886B /* Timer.swift */ = {isa = PBXFileReference; fileEncoding = 4; lastKnownFileType = sourcecode.swift; path = Timer.swift; sourceTree = "<group>"; };
		ED5CD8981A9CE7CE0086886B /* TimeFormatter.swift */ = {isa = PBXFileReference; fileEncoding = 4; lastKnownFileType = sourcecode.swift; path = TimeFormatter.swift; sourceTree = "<group>"; };
		ED5CD89C1A9E3AE60086886B /* ClearButton.swift */ = {isa = PBXFileReference; fileEncoding = 4; lastKnownFileType = sourcecode.swift; path = ClearButton.swift; sourceTree = "<group>"; };
		ED7C11DA1B055E7D00318343 /* SettingsViewController.swift */ = {isa = PBXFileReference; fileEncoding = 4; lastKnownFileType = sourcecode.swift; path = SettingsViewController.swift; sourceTree = "<group>"; };
		ED7C11DF1B05EAA000318343 /* AlertSound.swift */ = {isa = PBXFileReference; fileEncoding = 4; lastKnownFileType = sourcecode.swift; path = AlertSound.swift; sourceTree = "<group>"; };
		ED7C11E21B05EFEE00318343 /* hysterical.aiff */ = {isa = PBXFileReference; lastKnownFileType = audio.aiff; path = hysterical.aiff; sourceTree = "<group>"; };
		ED7C93D41AFCB339009C9AF7 /* Arrow.swift */ = {isa = PBXFileReference; fileEncoding = 4; lastKnownFileType = sourcecode.swift; path = Arrow.swift; sourceTree = "<group>"; };
		ED7C93D61AFCB347009C9AF7 /* TimerState.swift */ = {isa = PBXFileReference; fileEncoding = 4; lastKnownFileType = sourcecode.swift; path = TimerState.swift; sourceTree = "<group>"; };
		ED7EA2C11AC27126008C5237 /* TimerStateArchive.swift */ = {isa = PBXFileReference; fileEncoding = 4; lastKnownFileType = sourcecode.swift; path = TimerStateArchive.swift; sourceTree = "<group>"; };
		ED82F85F1CD0687A00D08D56 /* TimeLabel.swift */ = {isa = PBXFileReference; fileEncoding = 4; lastKnownFileType = sourcecode.swift; path = TimeLabel.swift; sourceTree = "<group>"; };
		ED82F8631CD06B3A00D08D56 /* TimeDeltaCalculator.swift */ = {isa = PBXFileReference; fileEncoding = 4; lastKnownFileType = sourcecode.swift; path = TimeDeltaCalculator.swift; sourceTree = "<group>"; };
		ED82F8651CD072DC00D08D56 /* PanGestureInfoProviding.swift */ = {isa = PBXFileReference; fileEncoding = 4; lastKnownFileType = sourcecode.swift; path = PanGestureInfoProviding.swift; sourceTree = "<group>"; };
		ED82F8671CD077A100D08D56 /* CustomTimerViewController.swift */ = {isa = PBXFileReference; fileEncoding = 4; lastKnownFileType = sourcecode.swift; path = CustomTimerViewController.swift; sourceTree = "<group>"; };
		ED82F8681CD077A100D08D56 /* CustomTimerViewController.xib */ = {isa = PBXFileReference; fileEncoding = 4; lastKnownFileType = file.xib; path = CustomTimerViewController.xib; sourceTree = "<group>"; };
		ED8C54D21CD8539C00119596 /* BigTimerTests.xctest */ = {isa = PBXFileReference; explicitFileType = wrapper.cfbundle; includeInIndex = 0; path = BigTimerTests.xctest; sourceTree = BUILT_PRODUCTS_DIR; };
		ED8C54D41CD8539C00119596 /* BigTimerTests.swift */ = {isa = PBXFileReference; lastKnownFileType = sourcecode.swift; path = BigTimerTests.swift; sourceTree = "<group>"; };
		ED8C54D61CD8539C00119596 /* Info.plist */ = {isa = PBXFileReference; lastKnownFileType = text.plist.xml; path = Info.plist; sourceTree = "<group>"; };
		ED8C54E01CD864AC00119596 /* BigTimerUITests.xctest */ = {isa = PBXFileReference; explicitFileType = wrapper.cfbundle; includeInIndex = 0; path = BigTimerUITests.xctest; sourceTree = BUILT_PRODUCTS_DIR; };
		ED8C54E21CD864AD00119596 /* BigTimerUITests.swift */ = {isa = PBXFileReference; lastKnownFileType = sourcecode.swift; path = BigTimerUITests.swift; sourceTree = "<group>"; };
		ED8C54E41CD864AD00119596 /* Info.plist */ = {isa = PBXFileReference; lastKnownFileType = text.plist.xml; path = Info.plist; sourceTree = "<group>"; };
		ED8C54EA1CD8698000119596 /* SnapshotHelper.swift */ = {isa = PBXFileReference; fileEncoding = 4; lastKnownFileType = sourcecode.swift; path = SnapshotHelper.swift; sourceTree = "<group>"; };
		ED9B668C1AD8326300888329 /* TimerController.swift */ = {isa = PBXFileReference; fileEncoding = 4; lastKnownFileType = sourcecode.swift; path = TimerController.swift; sourceTree = "<group>"; };
		EDABD9C81A7A0CD6006CFBA5 /* Big Timer.app */ = {isa = PBXFileReference; explicitFileType = wrapper.application; includeInIndex = 0; path = "Big Timer.app"; sourceTree = BUILT_PRODUCTS_DIR; };
		EDABD9CC1A7A0CD6006CFBA5 /* Info.plist */ = {isa = PBXFileReference; lastKnownFileType = text.plist.xml; path = Info.plist; sourceTree = "<group>"; };
		EDABD9CD1A7A0CD6006CFBA5 /* AppDelegate.swift */ = {isa = PBXFileReference; lastKnownFileType = sourcecode.swift; path = AppDelegate.swift; sourceTree = "<group>"; };
		EDABD9CF1A7A0CD6006CFBA5 /* ViewController.swift */ = {isa = PBXFileReference; lastKnownFileType = sourcecode.swift; path = ViewController.swift; sourceTree = "<group>"; };
		EDABD9D21A7A0CD6006CFBA5 /* Base */ = {isa = PBXFileReference; lastKnownFileType = file.storyboard; name = Base; path = Base.lproj/Main.storyboard; sourceTree = "<group>"; };
		EDABD9D41A7A0CD6006CFBA5 /* Images.xcassets */ = {isa = PBXFileReference; lastKnownFileType = folder.assetcatalog; path = Images.xcassets; sourceTree = "<group>"; };
		EDABD9D71A7A0CD6006CFBA5 /* Base */ = {isa = PBXFileReference; lastKnownFileType = file.xib; name = Base; path = Base.lproj/LaunchScreen.xib; sourceTree = "<group>"; };
		EDC830681ADED1B40001D36F /* NotificationController.swift */ = {isa = PBXFileReference; fileEncoding = 4; lastKnownFileType = sourcecode.swift; path = NotificationController.swift; sourceTree = "<group>"; };
		EDDA88D81CD5476D003ABC96 /* TimerValue.swift */ = {isa = PBXFileReference; fileEncoding = 4; lastKnownFileType = sourcecode.swift; path = TimerValue.swift; sourceTree = "<group>"; };
		EDDA88DA1CD58DAA003ABC96 /* Theme.swift */ = {isa = PBXFileReference; fileEncoding = 4; lastKnownFileType = sourcecode.swift; path = Theme.swift; sourceTree = "<group>"; };
		EDE3BF931CCF17B300B4A4C0 /* PlistReader.swift */ = {isa = PBXFileReference; fileEncoding = 4; lastKnownFileType = sourcecode.swift; path = PlistReader.swift; sourceTree = "<group>"; };
		EDE3BF961CCF1C9300B4A4C0 /* CustomTimers.plist */ = {isa = PBXFileReference; fileEncoding = 4; lastKnownFileType = text.plist.xml; path = CustomTimers.plist; sourceTree = "<group>"; };
		EDE3BF981CCF1E6C00B4A4C0 /* CustomTimerManager.swift */ = {isa = PBXFileReference; fileEncoding = 4; lastKnownFileType = sourcecode.swift; path = CustomTimerManager.swift; sourceTree = "<group>"; };
		EDE8109B1B1D7AAE00F68BFB /* InfoButton.swift */ = {isa = PBXFileReference; fileEncoding = 4; lastKnownFileType = sourcecode.swift; path = InfoButton.swift; sourceTree = "<group>"; };
		EDE9708D1B0D403700F3755F /* trinoids.aiff */ = {isa = PBXFileReference; lastKnownFileType = audio.aiff; path = trinoids.aiff; sourceTree = "<group>"; };
		EDE9708F1B0D41B300F3755F /* bells.aiff */ = {isa = PBXFileReference; lastKnownFileType = audio.aiff; path = bells.aiff; sourceTree = "<group>"; };
		EDE970901B0D41B300F3755F /* boing.aiff */ = {isa = PBXFileReference; lastKnownFileType = audio.aiff; path = boing.aiff; sourceTree = "<group>"; };
		EDE970911B0D41B300F3755F /* bubbles.aiff */ = {isa = PBXFileReference; lastKnownFileType = audio.aiff; path = bubbles.aiff; sourceTree = "<group>"; };
		EDE970921B0D41B300F3755F /* cellos.aiff */ = {isa = PBXFileReference; lastKnownFileType = audio.aiff; path = cellos.aiff; sourceTree = "<group>"; };
		EDE970931B0D41B300F3755F /* deranged.aiff */ = {isa = PBXFileReference; lastKnownFileType = audio.aiff; path = deranged.aiff; sourceTree = "<group>"; };
/* End PBXFileReference section */

/* Begin PBXFrameworksBuildPhase section */
		ED8C54CF1CD8539C00119596 /* Frameworks */ = {
			isa = PBXFrameworksBuildPhase;
			buildActionMask = 2147483647;
			files = (
			);
			runOnlyForDeploymentPostprocessing = 0;
		};
		ED8C54DD1CD864AC00119596 /* Frameworks */ = {
			isa = PBXFrameworksBuildPhase;
			buildActionMask = 2147483647;
			files = (
			);
			runOnlyForDeploymentPostprocessing = 0;
		};
		EDABD9C51A7A0CD6006CFBA5 /* Frameworks */ = {
			isa = PBXFrameworksBuildPhase;
			buildActionMask = 2147483647;
			files = (
			);
			runOnlyForDeploymentPostprocessing = 0;
		};
/* End PBXFrameworksBuildPhase section */

/* Begin PBXGroup section */
		C98E2E87487F410CB3A2C6A6 /* Frameworks */ = {
			isa = PBXGroup;
			children = (
			);
			name = Frameworks;
			sourceTree = "<group>";
		};
		ED23095E1AF291CB0028D062 /* Views */ = {
			isa = PBXGroup;
			children = (
				ED7C93D41AFCB339009C9AF7 /* Arrow.swift */,
				EDE8109B1B1D7AAE00F68BFB /* InfoButton.swift */,
				ED5CD89C1A9E3AE60086886B /* ClearButton.swift */,
				ED59131C1A97CD790006B20F /* ClockView.swift */,
				ED82F85F1CD0687A00D08D56 /* TimeLabel.swift */,
			);
			name = Views;
			sourceTree = "<group>";
		};
		ED52FC411B02EB8900A9910D /* Sounds */ = {
			isa = PBXGroup;
			children = (
				EDE9708D1B0D403700F3755F /* trinoids.aiff */,
				EDE9708F1B0D41B300F3755F /* bells.aiff */,
				EDE970901B0D41B300F3755F /* boing.aiff */,
				EDE970911B0D41B300F3755F /* bubbles.aiff */,
				EDE970921B0D41B300F3755F /* cellos.aiff */,
				EDE970931B0D41B300F3755F /* deranged.aiff */,
				ED7C11E21B05EFEE00318343 /* hysterical.aiff */,
				ED52FC421B02EC6100A9910D /* zarvox.aiff */,
			);
			name = Sounds;
			sourceTree = "<group>";
		};
		ED7C11DD1B05DFC400318343 /* View Controllers */ = {
			isa = PBXGroup;
			children = (
				EDABD9CF1A7A0CD6006CFBA5 /* ViewController.swift */,
				ED7C11DA1B055E7D00318343 /* SettingsViewController.swift */,
				ED82F8671CD077A100D08D56 /* CustomTimerViewController.swift */,
				ED82F8681CD077A100D08D56 /* CustomTimerViewController.xib */,
			);
			name = "View Controllers";
			sourceTree = "<group>";
		};
		ED7C11DE1B05DFE900318343 /* Models */ = {
			isa = PBXGroup;
			children = (
				ED7C93D61AFCB347009C9AF7 /* TimerState.swift */,
				ED7C11DF1B05EAA000318343 /* AlertSound.swift */,
				EDDA88D81CD5476D003ABC96 /* TimerValue.swift */,
			);
			name = Models;
			sourceTree = "<group>";
		};
		ED8C54D31CD8539C00119596 /* BigTimerTests */ = {
			isa = PBXGroup;
			children = (
				ED8C54D41CD8539C00119596 /* BigTimerTests.swift */,
				ED8C54D61CD8539C00119596 /* Info.plist */,
			);
			path = BigTimerTests;
			sourceTree = "<group>";
		};
		ED8C54E11CD864AD00119596 /* BigTimerUITests */ = {
			isa = PBXGroup;
			children = (
				ED8C54EA1CD8698000119596 /* SnapshotHelper.swift */,
				ED8C54E21CD864AD00119596 /* BigTimerUITests.swift */,
				ED8C54E41CD864AD00119596 /* Info.plist */,
			);
			path = BigTimerUITests;
			sourceTree = "<group>";
		};
		EDABD9BF1A7A0CD6006CFBA5 = {
			isa = PBXGroup;
			children = (
				EDABD9CA1A7A0CD6006CFBA5 /* Big Timer */,
				ED8C54D31CD8539C00119596 /* BigTimerTests */,
				ED8C54E11CD864AD00119596 /* BigTimerUITests */,
				EDABD9C91A7A0CD6006CFBA5 /* Products */,
				C98E2E87487F410CB3A2C6A6 /* Frameworks */,
			);
			sourceTree = "<group>";
		};
		EDABD9C91A7A0CD6006CFBA5 /* Products */ = {
			isa = PBXGroup;
			children = (
				EDABD9C81A7A0CD6006CFBA5 /* Big Timer.app */,
				ED8C54D21CD8539C00119596 /* BigTimerTests.xctest */,
				ED8C54E01CD864AC00119596 /* BigTimerUITests.xctest */,
			);
			name = Products;
			sourceTree = "<group>";
		};
		EDABD9CA1A7A0CD6006CFBA5 /* Big Timer */ = {
			isa = PBXGroup;
			children = (
				EDE3BF951CCF1C7200B4A4C0 /* Resources */,
				EDE3BF921CCF173300B4A4C0 /* Utilities */,
				EDE3BF911CCF171000B4A4C0 /* Protocols */,
				ED7C11DE1B05DFE900318343 /* Models */,
				ED7C11DD1B05DFC400318343 /* View Controllers */,
				ED52FC411B02EB8900A9910D /* Sounds */,
				ED23095E1AF291CB0028D062 /* Views */,
				EDABD9CD1A7A0CD6006CFBA5 /* AppDelegate.swift */,
				ED5CD8961A9913D80086886B /* Timer.swift */,
				ED52FC3F1B02EA4700A9910D /* AudioController.swift */,
				ED5CD8981A9CE7CE0086886B /* TimeFormatter.swift */,
				EDC830681ADED1B40001D36F /* NotificationController.swift */,
				ED9B668C1AD8326300888329 /* TimerController.swift */,
				EDABD9D11A7A0CD6006CFBA5 /* Main.storyboard */,
				EDABD9D41A7A0CD6006CFBA5 /* Images.xcassets */,
				EDABD9D61A7A0CD6006CFBA5 /* LaunchScreen.xib */,
				EDABD9CB1A7A0CD6006CFBA5 /* Supporting Files */,
			);
			path = "Big Timer";
			sourceTree = "<group>";
		};
		EDABD9CB1A7A0CD6006CFBA5 /* Supporting Files */ = {
			isa = PBXGroup;
			children = (
				EDABD9CC1A7A0CD6006CFBA5 /* Info.plist */,
			);
			name = "Supporting Files";
			sourceTree = "<group>";
		};
		EDE3BF911CCF171000B4A4C0 /* Protocols */ = {
			isa = PBXGroup;
			children = (
				ED82F8651CD072DC00D08D56 /* PanGestureInfoProviding.swift */,
			);
			name = Protocols;
			sourceTree = "<group>";
		};
		EDE3BF921CCF173300B4A4C0 /* Utilities */ = {
			isa = PBXGroup;
			children = (
				ED7EA2C11AC27126008C5237 /* TimerStateArchive.swift */,
				EDE3BF931CCF17B300B4A4C0 /* PlistReader.swift */,
				EDE3BF981CCF1E6C00B4A4C0 /* CustomTimerManager.swift */,
				ED82F8631CD06B3A00D08D56 /* TimeDeltaCalculator.swift */,
				EDDA88DA1CD58DAA003ABC96 /* Theme.swift */,
			);
			name = Utilities;
			sourceTree = "<group>";
		};
		EDE3BF951CCF1C7200B4A4C0 /* Resources */ = {
			isa = PBXGroup;
			children = (
				EDE3BF961CCF1C9300B4A4C0 /* CustomTimers.plist */,
			);
			name = Resources;
			sourceTree = "<group>";
		};
/* End PBXGroup section */

/* Begin PBXNativeTarget section */
		ED8C54D11CD8539C00119596 /* BigTimerTests */ = {
			isa = PBXNativeTarget;
			buildConfigurationList = ED8C54D91CD8539C00119596 /* Build configuration list for PBXNativeTarget "BigTimerTests" */;
			buildPhases = (
				ED8C54CE1CD8539C00119596 /* Sources */,
				ED8C54CF1CD8539C00119596 /* Frameworks */,
				ED8C54D01CD8539C00119596 /* Resources */,
			);
			buildRules = (
			);
			dependencies = (
				ED8C54D81CD8539C00119596 /* PBXTargetDependency */,
			);
			name = BigTimerTests;
			productName = BigTimerTests;
			productReference = ED8C54D21CD8539C00119596 /* BigTimerTests.xctest */;
			productType = "com.apple.product-type.bundle.unit-test";
		};
		ED8C54DF1CD864AC00119596 /* BigTimerUITests */ = {
			isa = PBXNativeTarget;
			buildConfigurationList = ED8C54E71CD864AD00119596 /* Build configuration list for PBXNativeTarget "BigTimerUITests" */;
			buildPhases = (
				ED8C54DC1CD864AC00119596 /* Sources */,
				ED8C54DD1CD864AC00119596 /* Frameworks */,
				ED8C54DE1CD864AC00119596 /* Resources */,
			);
			buildRules = (
			);
			dependencies = (
				ED8C54E61CD864AD00119596 /* PBXTargetDependency */,
			);
			name = BigTimerUITests;
			productName = BigTimerUITests;
			productReference = ED8C54E01CD864AC00119596 /* BigTimerUITests.xctest */;
			productType = "com.apple.product-type.bundle.ui-testing";
		};
		EDABD9C71A7A0CD6006CFBA5 /* Big Timer */ = {
			isa = PBXNativeTarget;
			buildConfigurationList = EDABD9E71A7A0CD6006CFBA5 /* Build configuration list for PBXNativeTarget "Big Timer" */;
			buildPhases = (
				EDABD9C41A7A0CD6006CFBA5 /* Sources */,
				EDABD9C51A7A0CD6006CFBA5 /* Frameworks */,
				EDABD9C61A7A0CD6006CFBA5 /* Resources */,
			);
			buildRules = (
			);
			dependencies = (
			);
			name = "Big Timer";
			productName = "Big Timer";
			productReference = EDABD9C81A7A0CD6006CFBA5 /* Big Timer.app */;
			productType = "com.apple.product-type.application";
		};
/* End PBXNativeTarget section */

/* Begin PBXProject section */
		EDABD9C01A7A0CD6006CFBA5 /* Project object */ = {
			isa = PBXProject;
			attributes = {
				LastSwiftUpdateCheck = 0730;
				LastUpgradeCheck = 0700;
				ORGANIZATIONNAME = "Joel Klabo";
				TargetAttributes = {
					ED8C54D11CD8539C00119596 = {
						CreatedOnToolsVersion = 7.3;
						TestTargetID = EDABD9C71A7A0CD6006CFBA5;
					};
					ED8C54DF1CD864AC00119596 = {
						CreatedOnToolsVersion = 7.3;
						TestTargetID = EDABD9C71A7A0CD6006CFBA5;
					};
					EDABD9C71A7A0CD6006CFBA5 = {
						CreatedOnToolsVersion = 6.1.1;
						DevelopmentTeam = 8X78R6JQ6Y;
					};
				};
			};
			buildConfigurationList = EDABD9C31A7A0CD6006CFBA5 /* Build configuration list for PBXProject "Big Timer" */;
			compatibilityVersion = "Xcode 3.2";
			developmentRegion = English;
			hasScannedForEncodings = 0;
			knownRegions = (
				en,
				Base,
			);
			mainGroup = EDABD9BF1A7A0CD6006CFBA5;
			productRefGroup = EDABD9C91A7A0CD6006CFBA5 /* Products */;
			projectDirPath = "";
			projectRoot = "";
			targets = (
				EDABD9C71A7A0CD6006CFBA5 /* Big Timer */,
				ED8C54D11CD8539C00119596 /* BigTimerTests */,
				ED8C54DF1CD864AC00119596 /* BigTimerUITests */,
			);
		};
/* End PBXProject section */

/* Begin PBXResourcesBuildPhase section */
		ED8C54D01CD8539C00119596 /* Resources */ = {
			isa = PBXResourcesBuildPhase;
			buildActionMask = 2147483647;
			files = (
			);
			runOnlyForDeploymentPostprocessing = 0;
		};
		ED8C54DE1CD864AC00119596 /* Resources */ = {
			isa = PBXResourcesBuildPhase;
			buildActionMask = 2147483647;
			files = (
			);
			runOnlyForDeploymentPostprocessing = 0;
		};
		EDABD9C61A7A0CD6006CFBA5 /* Resources */ = {
			isa = PBXResourcesBuildPhase;
			buildActionMask = 2147483647;
			files = (
				EDABD9D31A7A0CD6006CFBA5 /* Main.storyboard in Resources */,
				EDE970971B0D41B300F3755F /* cellos.aiff in Resources */,
				ED52FC431B02EC6100A9910D /* zarvox.aiff in Resources */,
				ED82F86A1CD077A100D08D56 /* CustomTimerViewController.xib in Resources */,
				ED7C11E31B05EFEE00318343 /* hysterical.aiff in Resources */,
				EDE970961B0D41B300F3755F /* bubbles.aiff in Resources */,
				EDABD9D81A7A0CD6006CFBA5 /* LaunchScreen.xib in Resources */,
				EDE970981B0D41B300F3755F /* deranged.aiff in Resources */,
				EDABD9D51A7A0CD6006CFBA5 /* Images.xcassets in Resources */,
				EDE970951B0D41B300F3755F /* boing.aiff in Resources */,
				EDE970941B0D41B300F3755F /* bells.aiff in Resources */,
				EDE9708E1B0D403700F3755F /* trinoids.aiff in Resources */,
				EDE3BF971CCF1C9300B4A4C0 /* CustomTimers.plist in Resources */,
			);
			runOnlyForDeploymentPostprocessing = 0;
		};
/* End PBXResourcesBuildPhase section */

/* Begin PBXSourcesBuildPhase section */
		ED8C54CE1CD8539C00119596 /* Sources */ = {
			isa = PBXSourcesBuildPhase;
			buildActionMask = 2147483647;
			files = (
				ED8C55051CD9A87E00119596 /* AudioController.swift in Sources */,
				ED8C54F21CD9A82800119596 /* TimerStateArchive.swift in Sources */,
				ED8C55061CD9A88100119596 /* TimeFormatter.swift in Sources */,
				ED8C54FD1CD9A85700119596 /* CustomTimerViewController.swift in Sources */,
				ED8C55021CD9A87700119596 /* TimeLabel.swift in Sources */,
				ED8C55071CD9A88600119596 /* TimerController.swift in Sources */,
				ED8C54F51CD9A83000119596 /* TimeDeltaCalculator.swift in Sources */,
				ED8C55001CD9A86E00119596 /* ClearButton.swift in Sources */,
				ED8C54FF1CD9A86C00119596 /* InfoButton.swift in Sources */,
				ED8C54F11CD99BE600119596 /* NotificationController.swift in Sources */,
				ED8C54F41CD9A82E00119596 /* CustomTimerManager.swift in Sources */,
				ED8C55031CD9A87900119596 /* AppDelegate.swift in Sources */,
				ED8C55041CD9A87C00119596 /* Timer.swift in Sources */,
				ED8C55011CD9A87400119596 /* ClockView.swift in Sources */,
				ED8C54F81CD9A84200119596 /* TimerState.swift in Sources */,
				ED8C54F71CD9A83E00119596 /* PanGestureInfoProviding.swift in Sources */,
				ED8C54FB1CD9A85200119596 /* ViewController.swift in Sources */,
				ED8C54FE1CD9A86900119596 /* Arrow.swift in Sources */,
				ED8C54F91CD9A84600119596 /* AlertSound.swift in Sources */,
				ED8C54D51CD8539C00119596 /* BigTimerTests.swift in Sources */,
				ED8C54FA1CD9A84C00119596 /* TimerValue.swift in Sources */,
				ED8C54FC1CD9A85400119596 /* SettingsViewController.swift in Sources */,
				ED8C54F31CD9A82B00119596 /* PlistReader.swift in Sources */,
				ED8C54F61CD9A83300119596 /* Theme.swift in Sources */,
			);
			runOnlyForDeploymentPostprocessing = 0;
		};
		ED8C54DC1CD864AC00119596 /* Sources */ = {
			isa = PBXSourcesBuildPhase;
			buildActionMask = 2147483647;
			files = (
				ED8C54E31CD864AD00119596 /* BigTimerUITests.swift in Sources */,
				ED8C54EB1CD8698000119596 /* SnapshotHelper.swift in Sources */,
			);
			runOnlyForDeploymentPostprocessing = 0;
		};
		EDABD9C41A7A0CD6006CFBA5 /* Sources */ = {
			isa = PBXSourcesBuildPhase;
			buildActionMask = 2147483647;
			files = (
				EDDA88D91CD5476D003ABC96 /* TimerValue.swift in Sources */,
				EDABD9D01A7A0CD6006CFBA5 /* ViewController.swift in Sources */,
				ED9B668D1AD8326300888329 /* TimerController.swift in Sources */,
				EDC830691ADED1B40001D36F /* NotificationController.swift in Sources */,
				ED7C93D51AFCB339009C9AF7 /* Arrow.swift in Sources */,
				ED59131D1A97CD790006B20F /* ClockView.swift in Sources */,
				EDE8109C1B1D7AAE00F68BFB /* InfoButton.swift in Sources */,
				ED7C93D71AFCB347009C9AF7 /* TimerState.swift in Sources */,
				ED5CD8971A9913D80086886B /* Timer.swift in Sources */,
				EDDA88DB1CD58DAA003ABC96 /* Theme.swift in Sources */,
				ED82F8661CD072DC00D08D56 /* PanGestureInfoProviding.swift in Sources */,
				ED7EA2C21AC27126008C5237 /* TimerStateArchive.swift in Sources */,
				ED5CD8991A9CE7CE0086886B /* TimeFormatter.swift in Sources */,
				ED7C11E01B05EAA000318343 /* AlertSound.swift in Sources */,
				ED82F8691CD077A100D08D56 /* CustomTimerViewController.swift in Sources */,
				EDE3BF941CCF17B300B4A4C0 /* PlistReader.swift in Sources */,
				ED82F8601CD0687A00D08D56 /* TimeLabel.swift in Sources */,
				EDABD9CE1A7A0CD6006CFBA5 /* AppDelegate.swift in Sources */,
				ED82F8641CD06B3A00D08D56 /* TimeDeltaCalculator.swift in Sources */,
				EDE3BF991CCF1E6C00B4A4C0 /* CustomTimerManager.swift in Sources */,
				ED7C11DB1B055E7D00318343 /* SettingsViewController.swift in Sources */,
				ED52FC401B02EA4700A9910D /* AudioController.swift in Sources */,
				ED5CD89D1A9E3AE60086886B /* ClearButton.swift in Sources */,
			);
			runOnlyForDeploymentPostprocessing = 0;
		};
/* End PBXSourcesBuildPhase section */

/* Begin PBXTargetDependency section */
		ED8C54D81CD8539C00119596 /* PBXTargetDependency */ = {
			isa = PBXTargetDependency;
			target = EDABD9C71A7A0CD6006CFBA5 /* Big Timer */;
			targetProxy = ED8C54D71CD8539C00119596 /* PBXContainerItemProxy */;
		};
		ED8C54E61CD864AD00119596 /* PBXTargetDependency */ = {
			isa = PBXTargetDependency;
			target = EDABD9C71A7A0CD6006CFBA5 /* Big Timer */;
			targetProxy = ED8C54E51CD864AD00119596 /* PBXContainerItemProxy */;
		};
/* End PBXTargetDependency section */

/* Begin PBXVariantGroup section */
		EDABD9D11A7A0CD6006CFBA5 /* Main.storyboard */ = {
			isa = PBXVariantGroup;
			children = (
				EDABD9D21A7A0CD6006CFBA5 /* Base */,
			);
			name = Main.storyboard;
			sourceTree = "<group>";
		};
		EDABD9D61A7A0CD6006CFBA5 /* LaunchScreen.xib */ = {
			isa = PBXVariantGroup;
			children = (
				EDABD9D71A7A0CD6006CFBA5 /* Base */,
			);
			name = LaunchScreen.xib;
			sourceTree = "<group>";
		};
/* End PBXVariantGroup section */

/* Begin XCBuildConfiguration section */
		ED8C54DA1CD8539C00119596 /* Debug */ = {
			isa = XCBuildConfiguration;
			buildSettings = {
				BUNDLE_LOADER = "$(TEST_HOST)";
				CLANG_ANALYZER_NONNULL = YES;
				DEBUG_INFORMATION_FORMAT = dwarf;
				GCC_NO_COMMON_BLOCKS = YES;
				INFOPLIST_FILE = BigTimerTests/Info.plist;
				IPHONEOS_DEPLOYMENT_TARGET = 9.3;
				LD_RUNPATH_SEARCH_PATHS = "$(inherited) @executable_path/Frameworks @loader_path/Frameworks";
				PRODUCT_BUNDLE_IDENTIFIER = com.joelklabo.BigTimerTests;
				PRODUCT_NAME = "$(TARGET_NAME)";
				TEST_HOST = "$(BUILT_PRODUCTS_DIR)/Big Timer.app/Big Timer";
			};
			name = Debug;
		};
		ED8C54DB1CD8539C00119596 /* Release */ = {
			isa = XCBuildConfiguration;
			buildSettings = {
				BUNDLE_LOADER = "$(TEST_HOST)";
				CLANG_ANALYZER_NONNULL = YES;
				COPY_PHASE_STRIP = NO;
				DEBUG_INFORMATION_FORMAT = "dwarf-with-dsym";
				GCC_NO_COMMON_BLOCKS = YES;
				INFOPLIST_FILE = BigTimerTests/Info.plist;
				IPHONEOS_DEPLOYMENT_TARGET = 9.3;
				LD_RUNPATH_SEARCH_PATHS = "$(inherited) @executable_path/Frameworks @loader_path/Frameworks";
				PRODUCT_BUNDLE_IDENTIFIER = com.joelklabo.BigTimerTests;
				PRODUCT_NAME = "$(TARGET_NAME)";
				TEST_HOST = "$(BUILT_PRODUCTS_DIR)/Big Timer.app/Big Timer";
			};
			name = Release;
		};
		ED8C54E81CD864AD00119596 /* Debug */ = {
			isa = XCBuildConfiguration;
			buildSettings = {
				CLANG_ANALYZER_NONNULL = YES;
				DEBUG_INFORMATION_FORMAT = dwarf;
				GCC_NO_COMMON_BLOCKS = YES;
				INFOPLIST_FILE = BigTimerUITests/Info.plist;
				IPHONEOS_DEPLOYMENT_TARGET = 9.3;
				LD_RUNPATH_SEARCH_PATHS = "$(inherited) @executable_path/Frameworks @loader_path/Frameworks";
				PRODUCT_BUNDLE_IDENTIFIER = com.joelklabo.BigTimerUITests;
				PRODUCT_NAME = "$(TARGET_NAME)";
				TEST_TARGET_NAME = "Big Timer";
			};
			name = Debug;
		};
		ED8C54E91CD864AD00119596 /* Release */ = {
			isa = XCBuildConfiguration;
			buildSettings = {
				CLANG_ANALYZER_NONNULL = YES;
				COPY_PHASE_STRIP = NO;
				DEBUG_INFORMATION_FORMAT = "dwarf-with-dsym";
				GCC_NO_COMMON_BLOCKS = YES;
				INFOPLIST_FILE = BigTimerUITests/Info.plist;
				IPHONEOS_DEPLOYMENT_TARGET = 9.3;
				LD_RUNPATH_SEARCH_PATHS = "$(inherited) @executable_path/Frameworks @loader_path/Frameworks";
				PRODUCT_BUNDLE_IDENTIFIER = com.joelklabo.BigTimerUITests;
				PRODUCT_NAME = "$(TARGET_NAME)";
				TEST_TARGET_NAME = "Big Timer";
			};
			name = Release;
		};
		EDABD9E51A7A0CD6006CFBA5 /* Debug */ = {
			isa = XCBuildConfiguration;
			buildSettings = {
				ALWAYS_SEARCH_USER_PATHS = NO;
				CLANG_CXX_LANGUAGE_STANDARD = "gnu++0x";
				CLANG_CXX_LIBRARY = "libc++";
				CLANG_ENABLE_MODULES = YES;
				CLANG_ENABLE_OBJC_ARC = YES;
				CLANG_WARN_BOOL_CONVERSION = YES;
				CLANG_WARN_CONSTANT_CONVERSION = YES;
				CLANG_WARN_DIRECT_OBJC_ISA_USAGE = YES_ERROR;
				CLANG_WARN_EMPTY_BODY = YES;
				CLANG_WARN_ENUM_CONVERSION = YES;
				CLANG_WARN_INT_CONVERSION = YES;
				CLANG_WARN_OBJC_ROOT_CLASS = YES_ERROR;
				CLANG_WARN_UNREACHABLE_CODE = YES;
				CLANG_WARN__DUPLICATE_METHOD_MATCH = YES;
				"CODE_SIGN_IDENTITY[sdk=iphoneos*]" = "iPhone Developer";
				COPY_PHASE_STRIP = NO;
				ENABLE_STRICT_OBJC_MSGSEND = YES;
				ENABLE_TESTABILITY = YES;
				GCC_C_LANGUAGE_STANDARD = gnu99;
				GCC_DYNAMIC_NO_PIC = NO;
				GCC_OPTIMIZATION_LEVEL = 0;
				GCC_PREPROCESSOR_DEFINITIONS = (
					"DEBUG=1",
					"$(inherited)",
				);
				GCC_SYMBOLS_PRIVATE_EXTERN = NO;
				GCC_WARN_64_TO_32_BIT_CONVERSION = YES;
				GCC_WARN_ABOUT_RETURN_TYPE = YES_ERROR;
				GCC_WARN_UNDECLARED_SELECTOR = YES;
				GCC_WARN_UNINITIALIZED_AUTOS = YES_AGGRESSIVE;
				GCC_WARN_UNUSED_FUNCTION = YES;
				GCC_WARN_UNUSED_VARIABLE = YES;
				IPHONEOS_DEPLOYMENT_TARGET = 8.1;
				MTL_ENABLE_DEBUG_INFO = YES;
				ONLY_ACTIVE_ARCH = YES;
				SDKROOT = iphoneos;
				SWIFT_OPTIMIZATION_LEVEL = "-Onone";
				TARGETED_DEVICE_FAMILY = "1,2";
			};
			name = Debug;
		};
		EDABD9E61A7A0CD6006CFBA5 /* Release */ = {
			isa = XCBuildConfiguration;
			buildSettings = {
				ALWAYS_SEARCH_USER_PATHS = NO;
				CLANG_CXX_LANGUAGE_STANDARD = "gnu++0x";
				CLANG_CXX_LIBRARY = "libc++";
				CLANG_ENABLE_MODULES = YES;
				CLANG_ENABLE_OBJC_ARC = YES;
				CLANG_WARN_BOOL_CONVERSION = YES;
				CLANG_WARN_CONSTANT_CONVERSION = YES;
				CLANG_WARN_DIRECT_OBJC_ISA_USAGE = YES_ERROR;
				CLANG_WARN_EMPTY_BODY = YES;
				CLANG_WARN_ENUM_CONVERSION = YES;
				CLANG_WARN_INT_CONVERSION = YES;
				CLANG_WARN_OBJC_ROOT_CLASS = YES_ERROR;
				CLANG_WARN_UNREACHABLE_CODE = YES;
				CLANG_WARN__DUPLICATE_METHOD_MATCH = YES;
				"CODE_SIGN_IDENTITY[sdk=iphoneos*]" = "iPhone Developer";
				COPY_PHASE_STRIP = YES;
				ENABLE_NS_ASSERTIONS = NO;
				ENABLE_STRICT_OBJC_MSGSEND = YES;
				GCC_C_LANGUAGE_STANDARD = gnu99;
				GCC_WARN_64_TO_32_BIT_CONVERSION = YES;
				GCC_WARN_ABOUT_RETURN_TYPE = YES_ERROR;
				GCC_WARN_UNDECLARED_SELECTOR = YES;
				GCC_WARN_UNINITIALIZED_AUTOS = YES_AGGRESSIVE;
				GCC_WARN_UNUSED_FUNCTION = YES;
				GCC_WARN_UNUSED_VARIABLE = YES;
				IPHONEOS_DEPLOYMENT_TARGET = 8.1;
				MTL_ENABLE_DEBUG_INFO = NO;
				SDKROOT = iphoneos;
				TARGETED_DEVICE_FAMILY = "1,2";
				VALIDATE_PRODUCT = YES;
			};
			name = Release;
		};
		EDABD9E81A7A0CD6006CFBA5 /* Debug */ = {
			isa = XCBuildConfiguration;
			buildSettings = {
				ASSETCATALOG_COMPILER_APPICON_NAME = AppIcon;
				CODE_SIGN_IDENTITY = "iPhone Developer";
				"CODE_SIGN_IDENTITY[sdk=iphoneos*]" = "iPhone Developer";
				INFOPLIST_FILE = "Big Timer/Info.plist";
				IPHONEOS_DEPLOYMENT_TARGET = 9.3;
				LD_RUNPATH_SEARCH_PATHS = "$(inherited) @executable_path/Frameworks $(CONFIGURATION_BUILD_DIR)";
				PRODUCT_BUNDLE_IDENTIFIER = "com.joelklabo.$(PRODUCT_NAME:rfc1034identifier)";
				PRODUCT_NAME = "$(TARGET_NAME)";
				PROVISIONING_PROFILE = "";
			};
			name = Debug;
		};
		EDABD9E91A7A0CD6006CFBA5 /* Release */ = {
			isa = XCBuildConfiguration;
			buildSettings = {
				ASSETCATALOG_COMPILER_APPICON_NAME = AppIcon;
				CODE_SIGN_IDENTITY = "iPhone Developer";
				"CODE_SIGN_IDENTITY[sdk=iphoneos*]" = "iPhone Developer";
				INFOPLIST_FILE = "Big Timer/Info.plist";
				IPHONEOS_DEPLOYMENT_TARGET = 9.3;
				LD_RUNPATH_SEARCH_PATHS = "$(inherited) @executable_path/Frameworks $(CONFIGURATION_BUILD_DIR)";
				PRODUCT_BUNDLE_IDENTIFIER = "com.joelklabo.$(PRODUCT_NAME:rfc1034identifier)";
				PRODUCT_NAME = "$(TARGET_NAME)";
				PROVISIONING_PROFILE = "";
			};
			name = Release;
		};
/* End XCBuildConfiguration section */

/* Begin XCConfigurationList section */
		ED8C54D91CD8539C00119596 /* Build configuration list for PBXNativeTarget "BigTimerTests" */ = {
			isa = XCConfigurationList;
			buildConfigurations = (
				ED8C54DA1CD8539C00119596 /* Debug */,
				ED8C54DB1CD8539C00119596 /* Release */,
			);
			defaultConfigurationIsVisible = 0;
		};
		ED8C54E71CD864AD00119596 /* Build configuration list for PBXNativeTarget "BigTimerUITests" */ = {
			isa = XCConfigurationList;
			buildConfigurations = (
				ED8C54E81CD864AD00119596 /* Debug */,
				ED8C54E91CD864AD00119596 /* Release */,
			);
			defaultConfigurationIsVisible = 0;
		};
		EDABD9C31A7A0CD6006CFBA5 /* Build configuration list for PBXProject "Big Timer" */ = {
			isa = XCConfigurationList;
			buildConfigurations = (
				EDABD9E51A7A0CD6006CFBA5 /* Debug */,
				EDABD9E61A7A0CD6006CFBA5 /* Release */,
			);
			defaultConfigurationIsVisible = 0;
			defaultConfigurationName = Release;
		};
		EDABD9E71A7A0CD6006CFBA5 /* Build configuration list for PBXNativeTarget "Big Timer" */ = {
			isa = XCConfigurationList;
			buildConfigurations = (
				EDABD9E81A7A0CD6006CFBA5 /* Debug */,
				EDABD9E91A7A0CD6006CFBA5 /* Release */,
			);
			defaultConfigurationIsVisible = 0;
			defaultConfigurationName = Release;
		};
/* End XCConfigurationList section */
	};
	rootObject = EDABD9C01A7A0CD6006CFBA5 /* Project object */;
}
