// !$*UTF8*$!
{
	archiveVersion = 1;
	classes = {
	};
	objectVersion = 46;
	objects = {

/* Begin PBXBuildFile section */
		5D32627B2447E295006FFA65 /* BigTimer.xcconfig in Resources */ = {isa = PBXBuildFile; fileRef = 5D32627A2447E295006FFA65 /* BigTimer.xcconfig */; };
		5D32627C2447E295006FFA65 /* BigTimer.xcconfig in Resources */ = {isa = PBXBuildFile; fileRef = 5D32627A2447E295006FFA65 /* BigTimer.xcconfig */; };
		5D32627D2447E295006FFA65 /* BigTimer.xcconfig in Resources */ = {isa = PBXBuildFile; fileRef = 5D32627A2447E295006FFA65 /* BigTimer.xcconfig */; };
		5D32627E2447E295006FFA65 /* BigTimer.xcconfig in Resources */ = {isa = PBXBuildFile; fileRef = 5D32627A2447E295006FFA65 /* BigTimer.xcconfig */; };
		5D32627F2447E295006FFA65 /* BigTimer.xcconfig in Resources */ = {isa = PBXBuildFile; fileRef = 5D32627A2447E295006FFA65 /* BigTimer.xcconfig */; };
		5DECB82C2443BA450057CFB0 /* TestingFlag.swift in Sources */ = {isa = PBXBuildFile; fileRef = 5DECB82B2443BA450057CFB0 /* TestingFlag.swift */; };
		5DECB82D2443BB1C0057CFB0 /* TestingFlag.swift in Sources */ = {isa = PBXBuildFile; fileRef = 5DECB82B2443BA450057CFB0 /* TestingFlag.swift */; };
		5DECB82E2443BB1F0057CFB0 /* TestingFlag.swift in Sources */ = {isa = PBXBuildFile; fileRef = 5DECB82B2443BA450057CFB0 /* TestingFlag.swift */; };
		5DECB82F2443BB200057CFB0 /* TestingFlag.swift in Sources */ = {isa = PBXBuildFile; fileRef = 5DECB82B2443BA450057CFB0 /* TestingFlag.swift */; };
		5DECB8322444A43B0057CFB0 /* SceneDelegate.swift in Sources */ = {isa = PBXBuildFile; fileRef = 5DECB8312444A43B0057CFB0 /* SceneDelegate.swift */; };
		5DECB8342445F6A10057CFB0 /* SceneCounter.swift in Sources */ = {isa = PBXBuildFile; fileRef = 5DECB8332445F6A10057CFB0 /* SceneCounter.swift */; };
		5DECB83A244603690057CFB0 /* SceneCounter.swift in Sources */ = {isa = PBXBuildFile; fileRef = 5DECB8332445F6A10057CFB0 /* SceneCounter.swift */; };
		5DECB83B244603690057CFB0 /* SceneCounter.swift in Sources */ = {isa = PBXBuildFile; fileRef = 5DECB8332445F6A10057CFB0 /* SceneCounter.swift */; };
		5DECB83C2446036B0057CFB0 /* SceneCounter.swift in Sources */ = {isa = PBXBuildFile; fileRef = 5DECB8332445F6A10057CFB0 /* SceneCounter.swift */; };
		5DECB83D2446036B0057CFB0 /* SceneCounter.swift in Sources */ = {isa = PBXBuildFile; fileRef = 5DECB8332445F6A10057CFB0 /* SceneCounter.swift */; };
		680D8C491CF2652A0025557F /* ClockView.swift in Sources */ = {isa = PBXBuildFile; fileRef = ED59131C1A97CD790006B20F /* ClockView.swift */; };
		682EB6981CF9DCCD00E3E87B /* PanGestureInfoProviding.swift in Sources */ = {isa = PBXBuildFile; fileRef = ED82F8651CD072DC00D08D56 /* PanGestureInfoProviding.swift */; };
		682EB6991CF9DD9100E3E87B /* trinoids.aiff in Resources */ = {isa = PBXBuildFile; fileRef = EDE9708D1B0D403700F3755F /* trinoids.aiff */; };
		682EB69A1CF9DD9100E3E87B /* bells.aiff in Resources */ = {isa = PBXBuildFile; fileRef = EDE9708F1B0D41B300F3755F /* bells.aiff */; };
		682EB69B1CF9DD9100E3E87B /* boing.aiff in Resources */ = {isa = PBXBuildFile; fileRef = EDE970901B0D41B300F3755F /* boing.aiff */; };
		682EB69C1CF9DD9100E3E87B /* bubbles.aiff in Resources */ = {isa = PBXBuildFile; fileRef = EDE970911B0D41B300F3755F /* bubbles.aiff */; };
		682EB69D1CF9DD9100E3E87B /* cellos.aiff in Resources */ = {isa = PBXBuildFile; fileRef = EDE970921B0D41B300F3755F /* cellos.aiff */; };
		682EB69E1CF9DD9100E3E87B /* deranged.aiff in Resources */ = {isa = PBXBuildFile; fileRef = EDE970931B0D41B300F3755F /* deranged.aiff */; };
		682EB69F1CF9DD9100E3E87B /* hysterical.aiff in Resources */ = {isa = PBXBuildFile; fileRef = ED7C11E21B05EFEE00318343 /* hysterical.aiff */; };
		682EB6A01CF9DD9100E3E87B /* zarvox.aiff in Resources */ = {isa = PBXBuildFile; fileRef = ED52FC421B02EC6100A9910D /* zarvox.aiff */; };
		68F7924B1CF8C00E00AE7166 /* AppDelegate.swift in Sources */ = {isa = PBXBuildFile; fileRef = 68F7924A1CF8C00E00AE7166 /* AppDelegate.swift */; };
		68F7924D1CF8C00E00AE7166 /* ViewController.swift in Sources */ = {isa = PBXBuildFile; fileRef = 68F7924C1CF8C00E00AE7166 /* ViewController.swift */; };
		68F792501CF8C00E00AE7166 /* Main.storyboard in Resources */ = {isa = PBXBuildFile; fileRef = 68F7924E1CF8C00E00AE7166 /* Main.storyboard */; };
		68F792521CF8C00E00AE7166 /* Assets.xcassets in Resources */ = {isa = PBXBuildFile; fileRef = 68F792511CF8C00E00AE7166 /* Assets.xcassets */; };
		68F7925D1CF8C00E00AE7166 /* Big_Timer_TVTests.swift in Sources */ = {isa = PBXBuildFile; fileRef = 68F7925C1CF8C00E00AE7166 /* Big_Timer_TVTests.swift */; };
		68F792651CF8C07F00AE7166 /* Theme.swift in Sources */ = {isa = PBXBuildFile; fileRef = EDDA88DA1CD58DAA003ABC96 /* Theme.swift */; };
		68F792661CF8C11300AE7166 /* Arrow.swift in Sources */ = {isa = PBXBuildFile; fileRef = ED7C93D41AFCB339009C9AF7 /* Arrow.swift */; };
		68F792671CF8C11800AE7166 /* InfoButton.swift in Sources */ = {isa = PBXBuildFile; fileRef = EDE8109B1B1D7AAE00F68BFB /* InfoButton.swift */; };
		68F792681CF8C11B00AE7166 /* ClearButton.swift in Sources */ = {isa = PBXBuildFile; fileRef = ED5CD89C1A9E3AE60086886B /* ClearButton.swift */; };
		68F7926A1CF8C12500AE7166 /* TimeLabel.swift in Sources */ = {isa = PBXBuildFile; fileRef = ED82F85F1CD0687A00D08D56 /* TimeLabel.swift */; };
		68F7926B1CF8C1A300AE7166 /* TimerStateArchive.swift in Sources */ = {isa = PBXBuildFile; fileRef = ED7EA2C11AC27126008C5237 /* TimerStateArchive.swift */; };
		68F7926C1CF8C1A300AE7166 /* PlistReader.swift in Sources */ = {isa = PBXBuildFile; fileRef = EDE3BF931CCF17B300B4A4C0 /* PlistReader.swift */; };
		68F7926E1CF8C1A300AE7166 /* TimeDeltaCalculator.swift in Sources */ = {isa = PBXBuildFile; fileRef = ED82F8631CD06B3A00D08D56 /* TimeDeltaCalculator.swift */; };
		68F7926F1CF8C1AF00AE7166 /* TimerState.swift in Sources */ = {isa = PBXBuildFile; fileRef = ED7C93D61AFCB347009C9AF7 /* TimerState.swift */; };
		68F792701CF8C1AF00AE7166 /* AlertSound.swift in Sources */ = {isa = PBXBuildFile; fileRef = ED7C11DF1B05EAA000318343 /* AlertSound.swift */; };
		68F792711CF8C1AF00AE7166 /* TimerValue.swift in Sources */ = {isa = PBXBuildFile; fileRef = EDDA88D81CD5476D003ABC96 /* TimerValue.swift */; };
		68F792721CF8C33300AE7166 /* ClockView.swift in Sources */ = {isa = PBXBuildFile; fileRef = ED59131C1A97CD790006B20F /* ClockView.swift */; };
		68F792731CF8C9C000AE7166 /* TimerController.swift in Sources */ = {isa = PBXBuildFile; fileRef = ED9B668C1AD8326300888329 /* TimerController.swift */; };
		68F792741CF8CA4600AE7166 /* TimeFormatter.swift in Sources */ = {isa = PBXBuildFile; fileRef = ED5CD8981A9CE7CE0086886B /* TimeFormatter.swift */; };
		68F792751CF8CADA00AE7166 /* AudioController.swift in Sources */ = {isa = PBXBuildFile; fileRef = ED52FC3F1B02EA4700A9910D /* AudioController.swift */; };
		68F792761CF8CB4B00AE7166 /* Timer.swift in Sources */ = {isa = PBXBuildFile; fileRef = ED5CD8961A9913D80086886B /* Timer.swift */; };
		ED52FC401B02EA4700A9910D /* AudioController.swift in Sources */ = {isa = PBXBuildFile; fileRef = ED52FC3F1B02EA4700A9910D /* AudioController.swift */; };
		ED52FC431B02EC6100A9910D /* zarvox.aiff in Resources */ = {isa = PBXBuildFile; fileRef = ED52FC421B02EC6100A9910D /* zarvox.aiff */; };
		ED540F4C1CE45BAE000A4860 /* TimerViewController.swift in Sources */ = {isa = PBXBuildFile; fileRef = ED540F4B1CE45BAE000A4860 /* TimerViewController.swift */; };
		ED540F4D1CE45BAE000A4860 /* TimerViewController.swift in Sources */ = {isa = PBXBuildFile; fileRef = ED540F4B1CE45BAE000A4860 /* TimerViewController.swift */; };
		ED540F4E1CE45BAE000A4860 /* TimerViewController.swift in Sources */ = {isa = PBXBuildFile; fileRef = ED540F4B1CE45BAE000A4860 /* TimerViewController.swift */; };
		ED540F4F1CE45E0E000A4860 /* TimerController.swift in Sources */ = {isa = PBXBuildFile; fileRef = ED9B668C1AD8326300888329 /* TimerController.swift */; };
		ED540F501CE45E80000A4860 /* NotificationController.swift in Sources */ = {isa = PBXBuildFile; fileRef = EDC830681ADED1B40001D36F /* NotificationController.swift */; };
		ED540F511CE45E86000A4860 /* AudioController.swift in Sources */ = {isa = PBXBuildFile; fileRef = ED52FC3F1B02EA4700A9910D /* AudioController.swift */; };
		ED540F531CE45E8B000A4860 /* TimerStateArchive.swift in Sources */ = {isa = PBXBuildFile; fileRef = ED7EA2C11AC27126008C5237 /* TimerStateArchive.swift */; };
		ED540F541CE45E8F000A4860 /* PlistReader.swift in Sources */ = {isa = PBXBuildFile; fileRef = EDE3BF931CCF17B300B4A4C0 /* PlistReader.swift */; };
		ED540F551CE45E92000A4860 /* CustomTimerManager.swift in Sources */ = {isa = PBXBuildFile; fileRef = EDE3BF981CCF1E6C00B4A4C0 /* CustomTimerManager.swift */; };
		ED540F561CE45E95000A4860 /* TimeDeltaCalculator.swift in Sources */ = {isa = PBXBuildFile; fileRef = ED82F8631CD06B3A00D08D56 /* TimeDeltaCalculator.swift */; };
		ED540F571CE45E98000A4860 /* Theme.swift in Sources */ = {isa = PBXBuildFile; fileRef = EDDA88DA1CD58DAA003ABC96 /* Theme.swift */; };
		ED540F581CE45E9B000A4860 /* PanGestureInfoProviding.swift in Sources */ = {isa = PBXBuildFile; fileRef = ED82F8651CD072DC00D08D56 /* PanGestureInfoProviding.swift */; };
		ED540F591CE45E9E000A4860 /* TimerState.swift in Sources */ = {isa = PBXBuildFile; fileRef = ED7C93D61AFCB347009C9AF7 /* TimerState.swift */; };
		ED540F5A1CE45EA0000A4860 /* AlertSound.swift in Sources */ = {isa = PBXBuildFile; fileRef = ED7C11DF1B05EAA000318343 /* AlertSound.swift */; };
		ED540F5B1CE45EA5000A4860 /* TimerValue.swift in Sources */ = {isa = PBXBuildFile; fileRef = EDDA88D81CD5476D003ABC96 /* TimerValue.swift */; };
		ED540F5C1CE45EA9000A4860 /* SettingsViewController.swift in Sources */ = {isa = PBXBuildFile; fileRef = ED7C11DA1B055E7D00318343 /* SettingsViewController.swift */; };
		ED540F5D1CE45EAD000A4860 /* CustomTimerViewController.swift in Sources */ = {isa = PBXBuildFile; fileRef = ED82F8671CD077A100D08D56 /* CustomTimerViewController.swift */; };
		ED540F5E1CE45EB1000A4860 /* Arrow.swift in Sources */ = {isa = PBXBuildFile; fileRef = ED7C93D41AFCB339009C9AF7 /* Arrow.swift */; };
		ED540F5F1CE45EB5000A4860 /* InfoButton.swift in Sources */ = {isa = PBXBuildFile; fileRef = EDE8109B1B1D7AAE00F68BFB /* InfoButton.swift */; };
		ED540F601CE45EBA000A4860 /* ClearButton.swift in Sources */ = {isa = PBXBuildFile; fileRef = ED5CD89C1A9E3AE60086886B /* ClearButton.swift */; };
		ED540F621CE45EBA000A4860 /* TimeLabel.swift in Sources */ = {isa = PBXBuildFile; fileRef = ED82F85F1CD0687A00D08D56 /* TimeLabel.swift */; };
		ED540F641CE45EBF000A4860 /* Timer.swift in Sources */ = {isa = PBXBuildFile; fileRef = ED5CD8961A9913D80086886B /* Timer.swift */; };
		ED540F651CE45EBF000A4860 /* TimeFormatter.swift in Sources */ = {isa = PBXBuildFile; fileRef = ED5CD8981A9CE7CE0086886B /* TimeFormatter.swift */; };
		ED540F761CE92742000A4860 /* SettingsButton.swift in Sources */ = {isa = PBXBuildFile; fileRef = ED540F751CE92742000A4860 /* SettingsButton.swift */; };
		ED540F771CE92742000A4860 /* SettingsButton.swift in Sources */ = {isa = PBXBuildFile; fileRef = ED540F751CE92742000A4860 /* SettingsButton.swift */; };
		ED540F781CE92742000A4860 /* SettingsButton.swift in Sources */ = {isa = PBXBuildFile; fileRef = ED540F751CE92742000A4860 /* SettingsButton.swift */; };
		ED59131D1A97CD790006B20F /* ClockView.swift in Sources */ = {isa = PBXBuildFile; fileRef = ED59131C1A97CD790006B20F /* ClockView.swift */; };
		ED5CD8971A9913D80086886B /* Timer.swift in Sources */ = {isa = PBXBuildFile; fileRef = ED5CD8961A9913D80086886B /* Timer.swift */; };
		ED5CD8991A9CE7CE0086886B /* TimeFormatter.swift in Sources */ = {isa = PBXBuildFile; fileRef = ED5CD8981A9CE7CE0086886B /* TimeFormatter.swift */; };
		ED5CD89D1A9E3AE60086886B /* ClearButton.swift in Sources */ = {isa = PBXBuildFile; fileRef = ED5CD89C1A9E3AE60086886B /* ClearButton.swift */; };
		ED7C11DB1B055E7D00318343 /* SettingsViewController.swift in Sources */ = {isa = PBXBuildFile; fileRef = ED7C11DA1B055E7D00318343 /* SettingsViewController.swift */; };
		ED7C11E01B05EAA000318343 /* AlertSound.swift in Sources */ = {isa = PBXBuildFile; fileRef = ED7C11DF1B05EAA000318343 /* AlertSound.swift */; };
		ED7C11E31B05EFEE00318343 /* hysterical.aiff in Resources */ = {isa = PBXBuildFile; fileRef = ED7C11E21B05EFEE00318343 /* hysterical.aiff */; };
		ED7C93D51AFCB339009C9AF7 /* Arrow.swift in Sources */ = {isa = PBXBuildFile; fileRef = ED7C93D41AFCB339009C9AF7 /* Arrow.swift */; };
		ED7C93D71AFCB347009C9AF7 /* TimerState.swift in Sources */ = {isa = PBXBuildFile; fileRef = ED7C93D61AFCB347009C9AF7 /* TimerState.swift */; };
		ED7EA2C21AC27126008C5237 /* TimerStateArchive.swift in Sources */ = {isa = PBXBuildFile; fileRef = ED7EA2C11AC27126008C5237 /* TimerStateArchive.swift */; };
		ED82F8601CD0687A00D08D56 /* TimeLabel.swift in Sources */ = {isa = PBXBuildFile; fileRef = ED82F85F1CD0687A00D08D56 /* TimeLabel.swift */; };
		ED82F8641CD06B3A00D08D56 /* TimeDeltaCalculator.swift in Sources */ = {isa = PBXBuildFile; fileRef = ED82F8631CD06B3A00D08D56 /* TimeDeltaCalculator.swift */; };
		ED82F8661CD072DC00D08D56 /* PanGestureInfoProviding.swift in Sources */ = {isa = PBXBuildFile; fileRef = ED82F8651CD072DC00D08D56 /* PanGestureInfoProviding.swift */; };
		ED82F8691CD077A100D08D56 /* CustomTimerViewController.swift in Sources */ = {isa = PBXBuildFile; fileRef = ED82F8671CD077A100D08D56 /* CustomTimerViewController.swift */; };
		ED82F86A1CD077A100D08D56 /* CustomTimerViewController.xib in Resources */ = {isa = PBXBuildFile; fileRef = ED82F8681CD077A100D08D56 /* CustomTimerViewController.xib */; };
		ED8C54E31CD864AD00119596 /* BigTimerUITests.swift in Sources */ = {isa = PBXBuildFile; fileRef = ED8C54E21CD864AD00119596 /* BigTimerUITests.swift */; };
		ED8C54EB1CD8698000119596 /* SnapshotHelper.swift in Sources */ = {isa = PBXBuildFile; fileRef = ED8C54EA1CD8698000119596 /* SnapshotHelper.swift */; };
		ED8C54F11CD99BE600119596 /* NotificationController.swift in Sources */ = {isa = PBXBuildFile; fileRef = EDC830681ADED1B40001D36F /* NotificationController.swift */; };
		ED8C54F21CD9A82800119596 /* TimerStateArchive.swift in Sources */ = {isa = PBXBuildFile; fileRef = ED7EA2C11AC27126008C5237 /* TimerStateArchive.swift */; };
		ED8C54F31CD9A82B00119596 /* PlistReader.swift in Sources */ = {isa = PBXBuildFile; fileRef = EDE3BF931CCF17B300B4A4C0 /* PlistReader.swift */; };
		ED8C54F41CD9A82E00119596 /* CustomTimerManager.swift in Sources */ = {isa = PBXBuildFile; fileRef = EDE3BF981CCF1E6C00B4A4C0 /* CustomTimerManager.swift */; };
		ED8C54F51CD9A83000119596 /* TimeDeltaCalculator.swift in Sources */ = {isa = PBXBuildFile; fileRef = ED82F8631CD06B3A00D08D56 /* TimeDeltaCalculator.swift */; };
		ED8C54F61CD9A83300119596 /* Theme.swift in Sources */ = {isa = PBXBuildFile; fileRef = EDDA88DA1CD58DAA003ABC96 /* Theme.swift */; };
		ED8C54F71CD9A83E00119596 /* PanGestureInfoProviding.swift in Sources */ = {isa = PBXBuildFile; fileRef = ED82F8651CD072DC00D08D56 /* PanGestureInfoProviding.swift */; };
		ED8C54F81CD9A84200119596 /* TimerState.swift in Sources */ = {isa = PBXBuildFile; fileRef = ED7C93D61AFCB347009C9AF7 /* TimerState.swift */; };
		ED8C54F91CD9A84600119596 /* AlertSound.swift in Sources */ = {isa = PBXBuildFile; fileRef = ED7C11DF1B05EAA000318343 /* AlertSound.swift */; };
		ED8C54FA1CD9A84C00119596 /* TimerValue.swift in Sources */ = {isa = PBXBuildFile; fileRef = EDDA88D81CD5476D003ABC96 /* TimerValue.swift */; };
		ED8C54FC1CD9A85400119596 /* SettingsViewController.swift in Sources */ = {isa = PBXBuildFile; fileRef = ED7C11DA1B055E7D00318343 /* SettingsViewController.swift */; };
		ED8C54FD1CD9A85700119596 /* CustomTimerViewController.swift in Sources */ = {isa = PBXBuildFile; fileRef = ED82F8671CD077A100D08D56 /* CustomTimerViewController.swift */; };
		ED8C54FE1CD9A86900119596 /* Arrow.swift in Sources */ = {isa = PBXBuildFile; fileRef = ED7C93D41AFCB339009C9AF7 /* Arrow.swift */; };
		ED8C54FF1CD9A86C00119596 /* InfoButton.swift in Sources */ = {isa = PBXBuildFile; fileRef = EDE8109B1B1D7AAE00F68BFB /* InfoButton.swift */; };
		ED8C55001CD9A86E00119596 /* ClearButton.swift in Sources */ = {isa = PBXBuildFile; fileRef = ED5CD89C1A9E3AE60086886B /* ClearButton.swift */; };
		ED8C55011CD9A87400119596 /* ClockView.swift in Sources */ = {isa = PBXBuildFile; fileRef = ED59131C1A97CD790006B20F /* ClockView.swift */; };
		ED8C55021CD9A87700119596 /* TimeLabel.swift in Sources */ = {isa = PBXBuildFile; fileRef = ED82F85F1CD0687A00D08D56 /* TimeLabel.swift */; };
		ED8C55041CD9A87C00119596 /* Timer.swift in Sources */ = {isa = PBXBuildFile; fileRef = ED5CD8961A9913D80086886B /* Timer.swift */; };
		ED8C55051CD9A87E00119596 /* AudioController.swift in Sources */ = {isa = PBXBuildFile; fileRef = ED52FC3F1B02EA4700A9910D /* AudioController.swift */; };
		ED8C55061CD9A88100119596 /* TimeFormatter.swift in Sources */ = {isa = PBXBuildFile; fileRef = ED5CD8981A9CE7CE0086886B /* TimeFormatter.swift */; };
		ED8C55071CD9A88600119596 /* TimerController.swift in Sources */ = {isa = PBXBuildFile; fileRef = ED9B668C1AD8326300888329 /* TimerController.swift */; };
		ED8C55091CDA9C9F00119596 /* TimeFormatterTests.swift in Sources */ = {isa = PBXBuildFile; fileRef = ED8C55081CDA9C9F00119596 /* TimeFormatterTests.swift */; };
		ED8C550C1CDA9FF200119596 /* TimerValueTests.swift in Sources */ = {isa = PBXBuildFile; fileRef = ED8C550B1CDA9FF200119596 /* TimerValueTests.swift */; };
		ED8C55141CDAB6BF00119596 /* TimerStateArchiverTests.swift in Sources */ = {isa = PBXBuildFile; fileRef = ED8C55131CDAB6BF00119596 /* TimerStateArchiverTests.swift */; };
		ED9B668D1AD8326300888329 /* TimerController.swift in Sources */ = {isa = PBXBuildFile; fileRef = ED9B668C1AD8326300888329 /* TimerController.swift */; };
		EDABD9CE1A7A0CD6006CFBA5 /* AppDelegate.swift in Sources */ = {isa = PBXBuildFile; fileRef = EDABD9CD1A7A0CD6006CFBA5 /* AppDelegate.swift */; };
		EDABD9D31A7A0CD6006CFBA5 /* Main.storyboard in Resources */ = {isa = PBXBuildFile; fileRef = EDABD9D11A7A0CD6006CFBA5 /* Main.storyboard */; };
		EDABD9D51A7A0CD6006CFBA5 /* Images.xcassets in Resources */ = {isa = PBXBuildFile; fileRef = EDABD9D41A7A0CD6006CFBA5 /* Images.xcassets */; };
		EDABD9D81A7A0CD6006CFBA5 /* LaunchScreen.xib in Resources */ = {isa = PBXBuildFile; fileRef = EDABD9D61A7A0CD6006CFBA5 /* LaunchScreen.xib */; };
		EDC830691ADED1B40001D36F /* NotificationController.swift in Sources */ = {isa = PBXBuildFile; fileRef = EDC830681ADED1B40001D36F /* NotificationController.swift */; };
		EDDA88D91CD5476D003ABC96 /* TimerValue.swift in Sources */ = {isa = PBXBuildFile; fileRef = EDDA88D81CD5476D003ABC96 /* TimerValue.swift */; };
		EDDA88DB1CD58DAA003ABC96 /* Theme.swift in Sources */ = {isa = PBXBuildFile; fileRef = EDDA88DA1CD58DAA003ABC96 /* Theme.swift */; };
		EDE3BF941CCF17B300B4A4C0 /* PlistReader.swift in Sources */ = {isa = PBXBuildFile; fileRef = EDE3BF931CCF17B300B4A4C0 /* PlistReader.swift */; };
		EDE3BF971CCF1C9300B4A4C0 /* CustomTimers.plist in Resources */ = {isa = PBXBuildFile; fileRef = EDE3BF961CCF1C9300B4A4C0 /* CustomTimers.plist */; };
		EDE3BF991CCF1E6C00B4A4C0 /* CustomTimerManager.swift in Sources */ = {isa = PBXBuildFile; fileRef = EDE3BF981CCF1E6C00B4A4C0 /* CustomTimerManager.swift */; };
		EDE8109C1B1D7AAE00F68BFB /* InfoButton.swift in Sources */ = {isa = PBXBuildFile; fileRef = EDE8109B1B1D7AAE00F68BFB /* InfoButton.swift */; };
		EDE9708E1B0D403700F3755F /* trinoids.aiff in Resources */ = {isa = PBXBuildFile; fileRef = EDE9708D1B0D403700F3755F /* trinoids.aiff */; };
		EDE970941B0D41B300F3755F /* bells.aiff in Resources */ = {isa = PBXBuildFile; fileRef = EDE9708F1B0D41B300F3755F /* bells.aiff */; };
		EDE970951B0D41B300F3755F /* boing.aiff in Resources */ = {isa = PBXBuildFile; fileRef = EDE970901B0D41B300F3755F /* boing.aiff */; };
		EDE970961B0D41B300F3755F /* bubbles.aiff in Resources */ = {isa = PBXBuildFile; fileRef = EDE970911B0D41B300F3755F /* bubbles.aiff */; };
		EDE970971B0D41B300F3755F /* cellos.aiff in Resources */ = {isa = PBXBuildFile; fileRef = EDE970921B0D41B300F3755F /* cellos.aiff */; };
		EDE970981B0D41B300F3755F /* deranged.aiff in Resources */ = {isa = PBXBuildFile; fileRef = EDE970931B0D41B300F3755F /* deranged.aiff */; };
/* End PBXBuildFile section */

/* Begin PBXContainerItemProxy section */
		68F792591CF8C00E00AE7166 /* PBXContainerItemProxy */ = {
			isa = PBXContainerItemProxy;
			containerPortal = EDABD9C01A7A0CD6006CFBA5 /* Project object */;
			proxyType = 1;
			remoteGlobalIDString = 68F792471CF8C00E00AE7166;
			remoteInfo = "Big Timer TV";
		};
		ED8C54D71CD8539C00119596 /* PBXContainerItemProxy */ = {
			isa = PBXContainerItemProxy;
			containerPortal = EDABD9C01A7A0CD6006CFBA5 /* Project object */;
			proxyType = 1;
			remoteGlobalIDString = EDABD9C71A7A0CD6006CFBA5;
			remoteInfo = "Big Timer";
		};
		ED8C54E51CD864AD00119596 /* PBXContainerItemProxy */ = {
			isa = PBXContainerItemProxy;
			containerPortal = EDABD9C01A7A0CD6006CFBA5 /* Project object */;
			proxyType = 1;
			remoteGlobalIDString = EDABD9C71A7A0CD6006CFBA5;
			remoteInfo = "Big Timer";
		};
/* End PBXContainerItemProxy section */

/* Begin PBXFileReference section */
		5D32627A2447E295006FFA65 /* BigTimer.xcconfig */ = {isa = PBXFileReference; lastKnownFileType = text.xcconfig; path = BigTimer.xcconfig; sourceTree = "<group>"; };
		5DECB82B2443BA450057CFB0 /* TestingFlag.swift */ = {isa = PBXFileReference; lastKnownFileType = sourcecode.swift; path = TestingFlag.swift; sourceTree = "<group>"; };
		5DECB8312444A43B0057CFB0 /* SceneDelegate.swift */ = {isa = PBXFileReference; lastKnownFileType = sourcecode.swift; path = SceneDelegate.swift; sourceTree = "<group>"; };
		5DECB8332445F6A10057CFB0 /* SceneCounter.swift */ = {isa = PBXFileReference; lastKnownFileType = sourcecode.swift; path = SceneCounter.swift; sourceTree = "<group>"; };
		5DECB8352445F9150057CFB0 /* Big Timer.entitlements */ = {isa = PBXFileReference; lastKnownFileType = text.plist.entitlements; path = "Big Timer.entitlements"; sourceTree = "<group>"; };
		68F792481CF8C00E00AE7166 /* Big Timer TV.app */ = {isa = PBXFileReference; explicitFileType = wrapper.application; includeInIndex = 0; path = "Big Timer TV.app"; sourceTree = BUILT_PRODUCTS_DIR; };
		68F7924A1CF8C00E00AE7166 /* AppDelegate.swift */ = {isa = PBXFileReference; lastKnownFileType = sourcecode.swift; path = AppDelegate.swift; sourceTree = "<group>"; };
		68F7924C1CF8C00E00AE7166 /* ViewController.swift */ = {isa = PBXFileReference; lastKnownFileType = sourcecode.swift; path = ViewController.swift; sourceTree = "<group>"; };
		68F7924F1CF8C00E00AE7166 /* Base */ = {isa = PBXFileReference; lastKnownFileType = file.storyboard; name = Base; path = Base.lproj/Main.storyboard; sourceTree = "<group>"; };
		68F792511CF8C00E00AE7166 /* Assets.xcassets */ = {isa = PBXFileReference; lastKnownFileType = folder.assetcatalog; path = Assets.xcassets; sourceTree = "<group>"; };
		68F792531CF8C00E00AE7166 /* Info.plist */ = {isa = PBXFileReference; lastKnownFileType = text.plist.xml; path = Info.plist; sourceTree = "<group>"; };
		68F792581CF8C00E00AE7166 /* Big Timer TVTests.xctest */ = {isa = PBXFileReference; explicitFileType = wrapper.cfbundle; includeInIndex = 0; path = "Big Timer TVTests.xctest"; sourceTree = BUILT_PRODUCTS_DIR; };
		68F7925C1CF8C00E00AE7166 /* Big_Timer_TVTests.swift */ = {isa = PBXFileReference; lastKnownFileType = sourcecode.swift; path = Big_Timer_TVTests.swift; sourceTree = "<group>"; };
		68F7925E1CF8C00E00AE7166 /* Info.plist */ = {isa = PBXFileReference; lastKnownFileType = text.plist.xml; path = Info.plist; sourceTree = "<group>"; };
		ED52FC3F1B02EA4700A9910D /* AudioController.swift */ = {isa = PBXFileReference; fileEncoding = 4; lastKnownFileType = sourcecode.swift; path = AudioController.swift; sourceTree = "<group>"; };
		ED52FC421B02EC6100A9910D /* zarvox.aiff */ = {isa = PBXFileReference; lastKnownFileType = audio.aiff; path = zarvox.aiff; sourceTree = "<group>"; };
		ED540F4B1CE45BAE000A4860 /* TimerViewController.swift */ = {isa = PBXFileReference; fileEncoding = 4; lastKnownFileType = sourcecode.swift; path = TimerViewController.swift; sourceTree = "<group>"; };
		ED540F751CE92742000A4860 /* SettingsButton.swift */ = {isa = PBXFileReference; fileEncoding = 4; lastKnownFileType = sourcecode.swift; path = SettingsButton.swift; sourceTree = "<group>"; };
		ED59131C1A97CD790006B20F /* ClockView.swift */ = {isa = PBXFileReference; fileEncoding = 4; lastKnownFileType = sourcecode.swift; path = ClockView.swift; sourceTree = "<group>"; };
		ED5CD8961A9913D80086886B /* Timer.swift */ = {isa = PBXFileReference; fileEncoding = 4; lastKnownFileType = sourcecode.swift; path = Timer.swift; sourceTree = "<group>"; };
		ED5CD8981A9CE7CE0086886B /* TimeFormatter.swift */ = {isa = PBXFileReference; fileEncoding = 4; lastKnownFileType = sourcecode.swift; path = TimeFormatter.swift; sourceTree = "<group>"; };
		ED5CD89C1A9E3AE60086886B /* ClearButton.swift */ = {isa = PBXFileReference; fileEncoding = 4; lastKnownFileType = sourcecode.swift; path = ClearButton.swift; sourceTree = "<group>"; };
		ED7C11DA1B055E7D00318343 /* SettingsViewController.swift */ = {isa = PBXFileReference; fileEncoding = 4; lastKnownFileType = sourcecode.swift; path = SettingsViewController.swift; sourceTree = "<group>"; };
		ED7C11DF1B05EAA000318343 /* AlertSound.swift */ = {isa = PBXFileReference; fileEncoding = 4; lastKnownFileType = sourcecode.swift; path = AlertSound.swift; sourceTree = "<group>"; };
		ED7C11E21B05EFEE00318343 /* hysterical.aiff */ = {isa = PBXFileReference; lastKnownFileType = audio.aiff; path = hysterical.aiff; sourceTree = "<group>"; };
		ED7C93D41AFCB339009C9AF7 /* Arrow.swift */ = {isa = PBXFileReference; fileEncoding = 4; lastKnownFileType = sourcecode.swift; path = Arrow.swift; sourceTree = "<group>"; };
		ED7C93D61AFCB347009C9AF7 /* TimerState.swift */ = {isa = PBXFileReference; fileEncoding = 4; lastKnownFileType = sourcecode.swift; path = TimerState.swift; sourceTree = "<group>"; };
		ED7EA2C11AC27126008C5237 /* TimerStateArchive.swift */ = {isa = PBXFileReference; fileEncoding = 4; lastKnownFileType = sourcecode.swift; path = TimerStateArchive.swift; sourceTree = "<group>"; };
		ED82F85F1CD0687A00D08D56 /* TimeLabel.swift */ = {isa = PBXFileReference; fileEncoding = 4; lastKnownFileType = sourcecode.swift; path = TimeLabel.swift; sourceTree = "<group>"; };
		ED82F8631CD06B3A00D08D56 /* TimeDeltaCalculator.swift */ = {isa = PBXFileReference; fileEncoding = 4; lastKnownFileType = sourcecode.swift; path = TimeDeltaCalculator.swift; sourceTree = "<group>"; };
		ED82F8651CD072DC00D08D56 /* PanGestureInfoProviding.swift */ = {isa = PBXFileReference; fileEncoding = 4; lastKnownFileType = sourcecode.swift; path = PanGestureInfoProviding.swift; sourceTree = "<group>"; };
		ED82F8671CD077A100D08D56 /* CustomTimerViewController.swift */ = {isa = PBXFileReference; fileEncoding = 4; lastKnownFileType = sourcecode.swift; path = CustomTimerViewController.swift; sourceTree = "<group>"; };
		ED82F8681CD077A100D08D56 /* CustomTimerViewController.xib */ = {isa = PBXFileReference; fileEncoding = 4; lastKnownFileType = file.xib; path = CustomTimerViewController.xib; sourceTree = "<group>"; };
		ED8C54D21CD8539C00119596 /* BigTimerTests.xctest */ = {isa = PBXFileReference; explicitFileType = wrapper.cfbundle; includeInIndex = 0; path = BigTimerTests.xctest; sourceTree = BUILT_PRODUCTS_DIR; };
		ED8C54D61CD8539C00119596 /* Info.plist */ = {isa = PBXFileReference; lastKnownFileType = text.plist.xml; path = Info.plist; sourceTree = "<group>"; };
		ED8C54E01CD864AC00119596 /* BigTimerUITests.xctest */ = {isa = PBXFileReference; explicitFileType = wrapper.cfbundle; includeInIndex = 0; path = BigTimerUITests.xctest; sourceTree = BUILT_PRODUCTS_DIR; };
		ED8C54E21CD864AD00119596 /* BigTimerUITests.swift */ = {isa = PBXFileReference; lastKnownFileType = sourcecode.swift; path = BigTimerUITests.swift; sourceTree = "<group>"; };
		ED8C54E41CD864AD00119596 /* Info.plist */ = {isa = PBXFileReference; lastKnownFileType = text.plist.xml; path = Info.plist; sourceTree = "<group>"; };
		ED8C54EA1CD8698000119596 /* SnapshotHelper.swift */ = {isa = PBXFileReference; fileEncoding = 4; lastKnownFileType = sourcecode.swift; path = SnapshotHelper.swift; sourceTree = "<group>"; };
		ED8C55081CDA9C9F00119596 /* TimeFormatterTests.swift */ = {isa = PBXFileReference; fileEncoding = 4; lastKnownFileType = sourcecode.swift; path = TimeFormatterTests.swift; sourceTree = "<group>"; };
		ED8C550B1CDA9FF200119596 /* TimerValueTests.swift */ = {isa = PBXFileReference; fileEncoding = 4; lastKnownFileType = sourcecode.swift; path = TimerValueTests.swift; sourceTree = "<group>"; };
		ED8C55131CDAB6BF00119596 /* TimerStateArchiverTests.swift */ = {isa = PBXFileReference; fileEncoding = 4; lastKnownFileType = sourcecode.swift; path = TimerStateArchiverTests.swift; sourceTree = "<group>"; };
		ED9B668C1AD8326300888329 /* TimerController.swift */ = {isa = PBXFileReference; fileEncoding = 4; lastKnownFileType = sourcecode.swift; path = TimerController.swift; sourceTree = "<group>"; };
		EDABD9C81A7A0CD6006CFBA5 /* Big Timer.app */ = {isa = PBXFileReference; explicitFileType = wrapper.application; includeInIndex = 0; path = "Big Timer.app"; sourceTree = BUILT_PRODUCTS_DIR; };
		EDABD9CC1A7A0CD6006CFBA5 /* Info.plist */ = {isa = PBXFileReference; lastKnownFileType = text.plist.xml; path = Info.plist; sourceTree = "<group>"; };
		EDABD9CD1A7A0CD6006CFBA5 /* AppDelegate.swift */ = {isa = PBXFileReference; lastKnownFileType = sourcecode.swift; path = AppDelegate.swift; sourceTree = "<group>"; };
		EDABD9D21A7A0CD6006CFBA5 /* Base */ = {isa = PBXFileReference; lastKnownFileType = file.storyboard; name = Base; path = Base.lproj/Main.storyboard; sourceTree = "<group>"; };
		EDABD9D41A7A0CD6006CFBA5 /* Images.xcassets */ = {isa = PBXFileReference; lastKnownFileType = folder.assetcatalog; path = Images.xcassets; sourceTree = "<group>"; };
		EDABD9D71A7A0CD6006CFBA5 /* Base */ = {isa = PBXFileReference; lastKnownFileType = file.xib; name = Base; path = Base.lproj/LaunchScreen.xib; sourceTree = "<group>"; };
		EDC830681ADED1B40001D36F /* NotificationController.swift */ = {isa = PBXFileReference; fileEncoding = 4; lastKnownFileType = sourcecode.swift; path = NotificationController.swift; sourceTree = "<group>"; };
		EDDA88D81CD5476D003ABC96 /* TimerValue.swift */ = {isa = PBXFileReference; fileEncoding = 4; lastKnownFileType = sourcecode.swift; path = TimerValue.swift; sourceTree = "<group>"; };
		EDDA88DA1CD58DAA003ABC96 /* Theme.swift */ = {isa = PBXFileReference; fileEncoding = 4; lastKnownFileType = sourcecode.swift; path = Theme.swift; sourceTree = "<group>"; };
		EDE3BF931CCF17B300B4A4C0 /* PlistReader.swift */ = {isa = PBXFileReference; fileEncoding = 4; lastKnownFileType = sourcecode.swift; path = PlistReader.swift; sourceTree = "<group>"; };
		EDE3BF961CCF1C9300B4A4C0 /* CustomTimers.plist */ = {isa = PBXFileReference; fileEncoding = 4; lastKnownFileType = text.plist.xml; path = CustomTimers.plist; sourceTree = "<group>"; };
		EDE3BF981CCF1E6C00B4A4C0 /* CustomTimerManager.swift */ = {isa = PBXFileReference; fileEncoding = 4; lastKnownFileType = sourcecode.swift; path = CustomTimerManager.swift; sourceTree = "<group>"; };
		EDE8109B1B1D7AAE00F68BFB /* InfoButton.swift */ = {isa = PBXFileReference; fileEncoding = 4; lastKnownFileType = sourcecode.swift; path = InfoButton.swift; sourceTree = "<group>"; };
		EDE9708D1B0D403700F3755F /* trinoids.aiff */ = {isa = PBXFileReference; lastKnownFileType = audio.aiff; path = trinoids.aiff; sourceTree = "<group>"; };
		EDE9708F1B0D41B300F3755F /* bells.aiff */ = {isa = PBXFileReference; lastKnownFileType = audio.aiff; path = bells.aiff; sourceTree = "<group>"; };
		EDE970901B0D41B300F3755F /* boing.aiff */ = {isa = PBXFileReference; lastKnownFileType = audio.aiff; path = boing.aiff; sourceTree = "<group>"; };
		EDE970911B0D41B300F3755F /* bubbles.aiff */ = {isa = PBXFileReference; lastKnownFileType = audio.aiff; path = bubbles.aiff; sourceTree = "<group>"; };
		EDE970921B0D41B300F3755F /* cellos.aiff */ = {isa = PBXFileReference; lastKnownFileType = audio.aiff; path = cellos.aiff; sourceTree = "<group>"; };
		EDE970931B0D41B300F3755F /* deranged.aiff */ = {isa = PBXFileReference; lastKnownFileType = audio.aiff; path = deranged.aiff; sourceTree = "<group>"; };
/* End PBXFileReference section */

/* Begin PBXFrameworksBuildPhase section */
		68F792451CF8C00E00AE7166 /* Frameworks */ = {
			isa = PBXFrameworksBuildPhase;
			buildActionMask = 2147483647;
			files = (
			);
			runOnlyForDeploymentPostprocessing = 0;
		};
		68F792551CF8C00E00AE7166 /* Frameworks */ = {
			isa = PBXFrameworksBuildPhase;
			buildActionMask = 2147483647;
			files = (
			);
			runOnlyForDeploymentPostprocessing = 0;
		};
		ED8C54CF1CD8539C00119596 /* Frameworks */ = {
			isa = PBXFrameworksBuildPhase;
			buildActionMask = 2147483647;
			files = (
			);
			runOnlyForDeploymentPostprocessing = 0;
		};
		ED8C54DD1CD864AC00119596 /* Frameworks */ = {
			isa = PBXFrameworksBuildPhase;
			buildActionMask = 2147483647;
			files = (
			);
			runOnlyForDeploymentPostprocessing = 0;
		};
/* End PBXFrameworksBuildPhase section */

/* Begin PBXGroup section */
		5DECB82A2443BA240057CFB0 /* Helpers */ = {
			isa = PBXGroup;
			children = (
				5DECB82B2443BA450057CFB0 /* TestingFlag.swift */,
				5DECB8332445F6A10057CFB0 /* SceneCounter.swift */,
			);
			path = Helpers;
			sourceTree = "<group>";
		};
		68F792491CF8C00E00AE7166 /* Big Timer TV */ = {
			isa = PBXGroup;
			children = (
				68F7924A1CF8C00E00AE7166 /* AppDelegate.swift */,
				68F7924C1CF8C00E00AE7166 /* ViewController.swift */,
				68F7924E1CF8C00E00AE7166 /* Main.storyboard */,
				68F792511CF8C00E00AE7166 /* Assets.xcassets */,
				68F792531CF8C00E00AE7166 /* Info.plist */,
			);
			path = "Big Timer TV";
			sourceTree = "<group>";
		};
		68F7925B1CF8C00E00AE7166 /* Big Timer TV Tests */ = {
			isa = PBXGroup;
			children = (
				68F7925C1CF8C00E00AE7166 /* Big_Timer_TVTests.swift */,
				68F7925E1CF8C00E00AE7166 /* Info.plist */,
			);
			path = "Big Timer TV Tests";
			sourceTree = "<group>";
		};
		C98E2E87487F410CB3A2C6A6 /* Frameworks */ = {
			isa = PBXGroup;
			children = (
			);
			name = Frameworks;
			sourceTree = "<group>";
		};
		ED23095E1AF291CB0028D062 /* Views */ = {
			isa = PBXGroup;
			children = (
				ED7C93D41AFCB339009C9AF7 /* Arrow.swift */,
				EDE8109B1B1D7AAE00F68BFB /* InfoButton.swift */,
				ED5CD89C1A9E3AE60086886B /* ClearButton.swift */,
				ED59131C1A97CD790006B20F /* ClockView.swift */,
				ED82F85F1CD0687A00D08D56 /* TimeLabel.swift */,
				ED540F751CE92742000A4860 /* SettingsButton.swift */,
			);
			name = Views;
			sourceTree = "<group>";
		};
		ED52FC411B02EB8900A9910D /* Sounds */ = {
			isa = PBXGroup;
			children = (
				EDE9708D1B0D403700F3755F /* trinoids.aiff */,
				EDE9708F1B0D41B300F3755F /* bells.aiff */,
				EDE970901B0D41B300F3755F /* boing.aiff */,
				EDE970911B0D41B300F3755F /* bubbles.aiff */,
				EDE970921B0D41B300F3755F /* cellos.aiff */,
				EDE970931B0D41B300F3755F /* deranged.aiff */,
				ED7C11E21B05EFEE00318343 /* hysterical.aiff */,
				ED52FC421B02EC6100A9910D /* zarvox.aiff */,
			);
			name = Sounds;
			sourceTree = "<group>";
		};
		ED7C11DD1B05DFC400318343 /* View Controllers */ = {
			isa = PBXGroup;
			children = (
				ED540F4B1CE45BAE000A4860 /* TimerViewController.swift */,
				ED7C11DA1B055E7D00318343 /* SettingsViewController.swift */,
				ED82F8671CD077A100D08D56 /* CustomTimerViewController.swift */,
				ED82F8681CD077A100D08D56 /* CustomTimerViewController.xib */,
			);
			name = "View Controllers";
			sourceTree = "<group>";
		};
		ED7C11DE1B05DFE900318343 /* Models */ = {
			isa = PBXGroup;
			children = (
				ED7C93D61AFCB347009C9AF7 /* TimerState.swift */,
				ED7C11DF1B05EAA000318343 /* AlertSound.swift */,
				EDDA88D81CD5476D003ABC96 /* TimerValue.swift */,
			);
			name = Models;
			sourceTree = "<group>";
		};
		ED8C54D31CD8539C00119596 /* BigTimerTests */ = {
			isa = PBXGroup;
			children = (
				ED8C54D61CD8539C00119596 /* Info.plist */,
				ED8C55081CDA9C9F00119596 /* TimeFormatterTests.swift */,
				ED8C550B1CDA9FF200119596 /* TimerValueTests.swift */,
				ED8C55131CDAB6BF00119596 /* TimerStateArchiverTests.swift */,
			);
			path = BigTimerTests;
			sourceTree = "<group>";
		};
		ED8C54E11CD864AD00119596 /* BigTimerUITests */ = {
			isa = PBXGroup;
			children = (
				ED8C54EA1CD8698000119596 /* SnapshotHelper.swift */,
				ED8C54E21CD864AD00119596 /* BigTimerUITests.swift */,
				ED8C54E41CD864AD00119596 /* Info.plist */,
			);
			path = BigTimerUITests;
			sourceTree = "<group>";
		};
		ED8C550A1CDA9F5200119596 /* Controllers */ = {
			isa = PBXGroup;
			children = (
				EDC830681ADED1B40001D36F /* NotificationController.swift */,
				ED9B668C1AD8326300888329 /* TimerController.swift */,
				ED52FC3F1B02EA4700A9910D /* AudioController.swift */,
			);
			name = Controllers;
			sourceTree = "<group>";
		};
		EDABD9BF1A7A0CD6006CFBA5 = {
			isa = PBXGroup;
			children = (
				5D32627A2447E295006FFA65 /* BigTimer.xcconfig */,
				EDABD9CA1A7A0CD6006CFBA5 /* Big Timer */,
				ED8C54D31CD8539C00119596 /* BigTimerTests */,
				ED8C54E11CD864AD00119596 /* BigTimerUITests */,
				68F792491CF8C00E00AE7166 /* Big Timer TV */,
				68F7925B1CF8C00E00AE7166 /* Big Timer TV Tests */,
				EDABD9C91A7A0CD6006CFBA5 /* Products */,
				C98E2E87487F410CB3A2C6A6 /* Frameworks */,
			);
			sourceTree = "<group>";
		};
		EDABD9C91A7A0CD6006CFBA5 /* Products */ = {
			isa = PBXGroup;
			children = (
				EDABD9C81A7A0CD6006CFBA5 /* Big Timer.app */,
				ED8C54D21CD8539C00119596 /* BigTimerTests.xctest */,
				ED8C54E01CD864AC00119596 /* BigTimerUITests.xctest */,
				68F792481CF8C00E00AE7166 /* Big Timer TV.app */,
				68F792581CF8C00E00AE7166 /* Big Timer TVTests.xctest */,
			);
			name = Products;
			sourceTree = "<group>";
		};
		EDABD9CA1A7A0CD6006CFBA5 /* Big Timer */ = {
			isa = PBXGroup;
			children = (
				5DECB8352445F9150057CFB0 /* Big Timer.entitlements */,
				5DECB82A2443BA240057CFB0 /* Helpers */,
				ED8C550A1CDA9F5200119596 /* Controllers */,
				EDE3BF951CCF1C7200B4A4C0 /* Resources */,
				EDE3BF921CCF173300B4A4C0 /* Utilities */,
				EDE3BF911CCF171000B4A4C0 /* Protocols */,
				ED7C11DE1B05DFE900318343 /* Models */,
				ED7C11DD1B05DFC400318343 /* View Controllers */,
				ED52FC411B02EB8900A9910D /* Sounds */,
				ED23095E1AF291CB0028D062 /* Views */,
				EDABD9CD1A7A0CD6006CFBA5 /* AppDelegate.swift */,
				5DECB8312444A43B0057CFB0 /* SceneDelegate.swift */,
				ED5CD8961A9913D80086886B /* Timer.swift */,
				ED5CD8981A9CE7CE0086886B /* TimeFormatter.swift */,
				EDABD9D11A7A0CD6006CFBA5 /* Main.storyboard */,
				EDABD9D41A7A0CD6006CFBA5 /* Images.xcassets */,
				EDABD9D61A7A0CD6006CFBA5 /* LaunchScreen.xib */,
				EDABD9CB1A7A0CD6006CFBA5 /* Supporting Files */,
			);
			path = "Big Timer";
			sourceTree = "<group>";
		};
		EDABD9CB1A7A0CD6006CFBA5 /* Supporting Files */ = {
			isa = PBXGroup;
			children = (
				EDABD9CC1A7A0CD6006CFBA5 /* Info.plist */,
			);
			name = "Supporting Files";
			sourceTree = "<group>";
		};
		EDE3BF911CCF171000B4A4C0 /* Protocols */ = {
			isa = PBXGroup;
			children = (
				ED82F8651CD072DC00D08D56 /* PanGestureInfoProviding.swift */,
			);
			name = Protocols;
			sourceTree = "<group>";
		};
		EDE3BF921CCF173300B4A4C0 /* Utilities */ = {
			isa = PBXGroup;
			children = (
				ED7EA2C11AC27126008C5237 /* TimerStateArchive.swift */,
				EDE3BF931CCF17B300B4A4C0 /* PlistReader.swift */,
				EDE3BF981CCF1E6C00B4A4C0 /* CustomTimerManager.swift */,
				ED82F8631CD06B3A00D08D56 /* TimeDeltaCalculator.swift */,
				EDDA88DA1CD58DAA003ABC96 /* Theme.swift */,
			);
			name = Utilities;
			sourceTree = "<group>";
		};
		EDE3BF951CCF1C7200B4A4C0 /* Resources */ = {
			isa = PBXGroup;
			children = (
				EDE3BF961CCF1C9300B4A4C0 /* CustomTimers.plist */,
			);
			name = Resources;
			sourceTree = "<group>";
		};
/* End PBXGroup section */

/* Begin PBXNativeTarget section */
		68F792471CF8C00E00AE7166 /* Big Timer TV */ = {
			isa = PBXNativeTarget;
			buildConfigurationList = 68F792631CF8C00E00AE7166 /* Build configuration list for PBXNativeTarget "Big Timer TV" */;
			buildPhases = (
				68F792441CF8C00E00AE7166 /* Sources */,
				68F792451CF8C00E00AE7166 /* Frameworks */,
				68F792461CF8C00E00AE7166 /* Resources */,
			);
			buildRules = (
			);
			dependencies = (
			);
			name = "Big Timer TV";
			productName = "Big Timer TV";
			productReference = 68F792481CF8C00E00AE7166 /* Big Timer TV.app */;
			productType = "com.apple.product-type.application";
		};
		68F792571CF8C00E00AE7166 /* Big Timer TVTests */ = {
			isa = PBXNativeTarget;
			buildConfigurationList = 68F792641CF8C00E00AE7166 /* Build configuration list for PBXNativeTarget "Big Timer TVTests" */;
			buildPhases = (
				68F792541CF8C00E00AE7166 /* Sources */,
				68F792551CF8C00E00AE7166 /* Frameworks */,
				68F792561CF8C00E00AE7166 /* Resources */,
			);
			buildRules = (
			);
			dependencies = (
				68F7925A1CF8C00E00AE7166 /* PBXTargetDependency */,
			);
			name = "Big Timer TVTests";
			productName = "Big Timer TVTests";
			productReference = 68F792581CF8C00E00AE7166 /* Big Timer TVTests.xctest */;
			productType = "com.apple.product-type.bundle.unit-test";
		};
		ED8C54D11CD8539C00119596 /* BigTimerTests */ = {
			isa = PBXNativeTarget;
			buildConfigurationList = ED8C54D91CD8539C00119596 /* Build configuration list for PBXNativeTarget "BigTimerTests" */;
			buildPhases = (
				ED8C54CE1CD8539C00119596 /* Sources */,
				ED8C54CF1CD8539C00119596 /* Frameworks */,
				ED8C54D01CD8539C00119596 /* Resources */,
			);
			buildRules = (
			);
			dependencies = (
				ED8C54D81CD8539C00119596 /* PBXTargetDependency */,
			);
			name = BigTimerTests;
			productName = BigTimerTests;
			productReference = ED8C54D21CD8539C00119596 /* BigTimerTests.xctest */;
			productType = "com.apple.product-type.bundle.unit-test";
		};
		ED8C54DF1CD864AC00119596 /* BigTimerUITests */ = {
			isa = PBXNativeTarget;
			buildConfigurationList = ED8C54E71CD864AD00119596 /* Build configuration list for PBXNativeTarget "BigTimerUITests" */;
			buildPhases = (
				ED8C54DC1CD864AC00119596 /* Sources */,
				ED8C54DD1CD864AC00119596 /* Frameworks */,
				ED8C54DE1CD864AC00119596 /* Resources */,
			);
			buildRules = (
			);
			dependencies = (
				ED8C54E61CD864AD00119596 /* PBXTargetDependency */,
			);
			name = BigTimerUITests;
			productName = BigTimerUITests;
			productReference = ED8C54E01CD864AC00119596 /* BigTimerUITests.xctest */;
			productType = "com.apple.product-type.bundle.ui-testing";
		};
		EDABD9C71A7A0CD6006CFBA5 /* Big Timer */ = {
			isa = PBXNativeTarget;
			buildConfigurationList = EDABD9E71A7A0CD6006CFBA5 /* Build configuration list for PBXNativeTarget "Big Timer" */;
			buildPhases = (
				EDABD9C41A7A0CD6006CFBA5 /* Sources */,
				EDABD9C61A7A0CD6006CFBA5 /* Resources */,
			);
			buildRules = (
			);
			dependencies = (
			);
			name = "Big Timer";
			productName = "Big Timer";
			productReference = EDABD9C81A7A0CD6006CFBA5 /* Big Timer.app */;
			productType = "com.apple.product-type.application";
		};
/* End PBXNativeTarget section */

/* Begin PBXProject section */
		EDABD9C01A7A0CD6006CFBA5 /* Project object */ = {
			isa = PBXProject;
			attributes = {
				LastSwiftUpdateCheck = 0730;
				LastUpgradeCheck = 1140;
				ORGANIZATIONNAME = "Joel Klabo";
				TargetAttributes = {
					68F792471CF8C00E00AE7166 = {
						CreatedOnToolsVersion = 7.3.1;
						DevelopmentTeam = 8X78R6JQ6Y;
						ProvisioningStyle = Automatic;
					};
					68F792571CF8C00E00AE7166 = {
						CreatedOnToolsVersion = 7.3.1;
						TestTargetID = 68F792471CF8C00E00AE7166;
					};
					ED8C54D11CD8539C00119596 = {
						CreatedOnToolsVersion = 7.3;
						TestTargetID = EDABD9C71A7A0CD6006CFBA5;
					};
					ED8C54DF1CD864AC00119596 = {
						CreatedOnToolsVersion = 7.3;
						TestTargetID = EDABD9C71A7A0CD6006CFBA5;
					};
					EDABD9C71A7A0CD6006CFBA5 = {
						CreatedOnToolsVersion = 6.1.1;
						DevelopmentTeam = 8X78R6JQ6Y;
						ProvisioningStyle = Automatic;
					};
				};
			};
			buildConfigurationList = EDABD9C31A7A0CD6006CFBA5 /* Build configuration list for PBXProject "Big Timer" */;
			compatibilityVersion = "Xcode 3.2";
			developmentRegion = en;
			hasScannedForEncodings = 0;
			knownRegions = (
				en,
				Base,
			);
			mainGroup = EDABD9BF1A7A0CD6006CFBA5;
			productRefGroup = EDABD9C91A7A0CD6006CFBA5 /* Products */;
			projectDirPath = "";
			projectRoot = "";
			targets = (
				EDABD9C71A7A0CD6006CFBA5 /* Big Timer */,
				ED8C54D11CD8539C00119596 /* BigTimerTests */,
				ED8C54DF1CD864AC00119596 /* BigTimerUITests */,
				68F792471CF8C00E00AE7166 /* Big Timer TV */,
				68F792571CF8C00E00AE7166 /* Big Timer TVTests */,
			);
		};
/* End PBXProject section */

/* Begin PBXResourcesBuildPhase section */
		68F792461CF8C00E00AE7166 /* Resources */ = {
			isa = PBXResourcesBuildPhase;
			buildActionMask = 2147483647;
			files = (
				682EB69D1CF9DD9100E3E87B /* cellos.aiff in Resources */,
				5D32627E2447E295006FFA65 /* BigTimer.xcconfig in Resources */,
				682EB6A01CF9DD9100E3E87B /* zarvox.aiff in Resources */,
				682EB69B1CF9DD9100E3E87B /* boing.aiff in Resources */,
				682EB69F1CF9DD9100E3E87B /* hysterical.aiff in Resources */,
				682EB69A1CF9DD9100E3E87B /* bells.aiff in Resources */,
				682EB69E1CF9DD9100E3E87B /* deranged.aiff in Resources */,
				68F792521CF8C00E00AE7166 /* Assets.xcassets in Resources */,
				682EB69C1CF9DD9100E3E87B /* bubbles.aiff in Resources */,
				68F792501CF8C00E00AE7166 /* Main.storyboard in Resources */,
				682EB6991CF9DD9100E3E87B /* trinoids.aiff in Resources */,
			);
			runOnlyForDeploymentPostprocessing = 0;
		};
		68F792561CF8C00E00AE7166 /* Resources */ = {
			isa = PBXResourcesBuildPhase;
			buildActionMask = 2147483647;
			files = (
				5D32627F2447E295006FFA65 /* BigTimer.xcconfig in Resources */,
			);
			runOnlyForDeploymentPostprocessing = 0;
		};
		ED8C54D01CD8539C00119596 /* Resources */ = {
			isa = PBXResourcesBuildPhase;
			buildActionMask = 2147483647;
			files = (
				5D32627C2447E295006FFA65 /* BigTimer.xcconfig in Resources */,
			);
			runOnlyForDeploymentPostprocessing = 0;
		};
		ED8C54DE1CD864AC00119596 /* Resources */ = {
			isa = PBXResourcesBuildPhase;
			buildActionMask = 2147483647;
			files = (
				5D32627D2447E295006FFA65 /* BigTimer.xcconfig in Resources */,
			);
			runOnlyForDeploymentPostprocessing = 0;
		};
		EDABD9C61A7A0CD6006CFBA5 /* Resources */ = {
			isa = PBXResourcesBuildPhase;
			buildActionMask = 2147483647;
			files = (
				EDABD9D31A7A0CD6006CFBA5 /* Main.storyboard in Resources */,
				EDE970971B0D41B300F3755F /* cellos.aiff in Resources */,
				ED52FC431B02EC6100A9910D /* zarvox.aiff in Resources */,
				5D32627B2447E295006FFA65 /* BigTimer.xcconfig in Resources */,
				ED82F86A1CD077A100D08D56 /* CustomTimerViewController.xib in Resources */,
				ED7C11E31B05EFEE00318343 /* hysterical.aiff in Resources */,
				EDE970961B0D41B300F3755F /* bubbles.aiff in Resources */,
				EDABD9D81A7A0CD6006CFBA5 /* LaunchScreen.xib in Resources */,
				EDE970981B0D41B300F3755F /* deranged.aiff in Resources */,
				EDABD9D51A7A0CD6006CFBA5 /* Images.xcassets in Resources */,
				EDE970951B0D41B300F3755F /* boing.aiff in Resources */,
				EDE970941B0D41B300F3755F /* bells.aiff in Resources */,
				EDE9708E1B0D403700F3755F /* trinoids.aiff in Resources */,
				EDE3BF971CCF1C9300B4A4C0 /* CustomTimers.plist in Resources */,
			);
			runOnlyForDeploymentPostprocessing = 0;
		};
/* End PBXResourcesBuildPhase section */

/* Begin PBXSourcesBuildPhase section */
		68F792441CF8C00E00AE7166 /* Sources */ = {
			isa = PBXSourcesBuildPhase;
			buildActionMask = 2147483647;
			files = (
				68F7926A1CF8C12500AE7166 /* TimeLabel.swift in Sources */,
				68F792741CF8CA4600AE7166 /* TimeFormatter.swift in Sources */,
				68F7926F1CF8C1AF00AE7166 /* TimerState.swift in Sources */,
				68F792731CF8C9C000AE7166 /* TimerController.swift in Sources */,
				68F7926E1CF8C1A300AE7166 /* TimeDeltaCalculator.swift in Sources */,
				68F792671CF8C11800AE7166 /* InfoButton.swift in Sources */,
				68F792711CF8C1AF00AE7166 /* TimerValue.swift in Sources */,
				68F792681CF8C11B00AE7166 /* ClearButton.swift in Sources */,
				68F792701CF8C1AF00AE7166 /* AlertSound.swift in Sources */,
				682EB6981CF9DCCD00E3E87B /* PanGestureInfoProviding.swift in Sources */,
				68F7926C1CF8C1A300AE7166 /* PlistReader.swift in Sources */,
				68F792651CF8C07F00AE7166 /* Theme.swift in Sources */,
				68F792751CF8CADA00AE7166 /* AudioController.swift in Sources */,
				68F792661CF8C11300AE7166 /* Arrow.swift in Sources */,
				68F7924D1CF8C00E00AE7166 /* ViewController.swift in Sources */,
				5DECB83D2446036B0057CFB0 /* SceneCounter.swift in Sources */,
				68F792721CF8C33300AE7166 /* ClockView.swift in Sources */,
				68F792761CF8CB4B00AE7166 /* Timer.swift in Sources */,
				68F7926B1CF8C1A300AE7166 /* TimerStateArchive.swift in Sources */,
				68F7924B1CF8C00E00AE7166 /* AppDelegate.swift in Sources */,
			);
			runOnlyForDeploymentPostprocessing = 0;
		};
		68F792541CF8C00E00AE7166 /* Sources */ = {
			isa = PBXSourcesBuildPhase;
			buildActionMask = 2147483647;
			files = (
				5DECB82F2443BB200057CFB0 /* TestingFlag.swift in Sources */,
				5DECB83C2446036B0057CFB0 /* SceneCounter.swift in Sources */,
				68F7925D1CF8C00E00AE7166 /* Big_Timer_TVTests.swift in Sources */,
			);
			runOnlyForDeploymentPostprocessing = 0;
		};
		ED8C54CE1CD8539C00119596 /* Sources */ = {
			isa = PBXSourcesBuildPhase;
			buildActionMask = 2147483647;
			files = (
				5DECB82E2443BB1F0057CFB0 /* TestingFlag.swift in Sources */,
				ED8C55051CD9A87E00119596 /* AudioController.swift in Sources */,
				ED8C55141CDAB6BF00119596 /* TimerStateArchiverTests.swift in Sources */,
				ED8C54F21CD9A82800119596 /* TimerStateArchive.swift in Sources */,
				ED8C55061CD9A88100119596 /* TimeFormatter.swift in Sources */,
				ED8C54FD1CD9A85700119596 /* CustomTimerViewController.swift in Sources */,
				ED8C55021CD9A87700119596 /* TimeLabel.swift in Sources */,
				ED8C550C1CDA9FF200119596 /* TimerValueTests.swift in Sources */,
				ED540F771CE92742000A4860 /* SettingsButton.swift in Sources */,
				ED8C55071CD9A88600119596 /* TimerController.swift in Sources */,
				ED8C54F51CD9A83000119596 /* TimeDeltaCalculator.swift in Sources */,
				ED8C55001CD9A86E00119596 /* ClearButton.swift in Sources */,
				ED8C55091CDA9C9F00119596 /* TimeFormatterTests.swift in Sources */,
				ED8C54FF1CD9A86C00119596 /* InfoButton.swift in Sources */,
				ED8C54F11CD99BE600119596 /* NotificationController.swift in Sources */,
				ED8C54F41CD9A82E00119596 /* CustomTimerManager.swift in Sources */,
				ED8C55041CD9A87C00119596 /* Timer.swift in Sources */,
				ED8C55011CD9A87400119596 /* ClockView.swift in Sources */,
				ED8C54F81CD9A84200119596 /* TimerState.swift in Sources */,
				ED8C54F71CD9A83E00119596 /* PanGestureInfoProviding.swift in Sources */,
				ED8C54FE1CD9A86900119596 /* Arrow.swift in Sources */,
				ED8C54F91CD9A84600119596 /* AlertSound.swift in Sources */,
				ED8C54FA1CD9A84C00119596 /* TimerValue.swift in Sources */,
				ED540F4D1CE45BAE000A4860 /* TimerViewController.swift in Sources */,
				ED8C54FC1CD9A85400119596 /* SettingsViewController.swift in Sources */,
				ED8C54F31CD9A82B00119596 /* PlistReader.swift in Sources */,
				ED8C54F61CD9A83300119596 /* Theme.swift in Sources */,
				5DECB83A244603690057CFB0 /* SceneCounter.swift in Sources */,
			);
			runOnlyForDeploymentPostprocessing = 0;
		};
		ED8C54DC1CD864AC00119596 /* Sources */ = {
			isa = PBXSourcesBuildPhase;
			buildActionMask = 2147483647;
			files = (
				ED540F621CE45EBA000A4860 /* TimeLabel.swift in Sources */,
				5DECB83B244603690057CFB0 /* SceneCounter.swift in Sources */,
				ED540F501CE45E80000A4860 /* NotificationController.swift in Sources */,
				ED540F5E1CE45EB1000A4860 /* Arrow.swift in Sources */,
				ED540F561CE45E95000A4860 /* TimeDeltaCalculator.swift in Sources */,
				ED8C54E31CD864AD00119596 /* BigTimerUITests.swift in Sources */,
				ED540F651CE45EBF000A4860 /* TimeFormatter.swift in Sources */,
				ED540F781CE92742000A4860 /* SettingsButton.swift in Sources */,
				ED540F551CE45E92000A4860 /* CustomTimerManager.swift in Sources */,
				ED540F4F1CE45E0E000A4860 /* TimerController.swift in Sources */,
				ED540F591CE45E9E000A4860 /* TimerState.swift in Sources */,
				ED540F541CE45E8F000A4860 /* PlistReader.swift in Sources */,
				ED540F4E1CE45BAE000A4860 /* TimerViewController.swift in Sources */,
				ED540F5B1CE45EA5000A4860 /* TimerValue.swift in Sources */,
				5DECB82D2443BB1C0057CFB0 /* TestingFlag.swift in Sources */,
				ED540F511CE45E86000A4860 /* AudioController.swift in Sources */,
				ED540F5D1CE45EAD000A4860 /* CustomTimerViewController.swift in Sources */,
				ED540F601CE45EBA000A4860 /* ClearButton.swift in Sources */,
				ED540F571CE45E98000A4860 /* Theme.swift in Sources */,
				ED540F5C1CE45EA9000A4860 /* SettingsViewController.swift in Sources */,
				ED540F5F1CE45EB5000A4860 /* InfoButton.swift in Sources */,
				ED540F5A1CE45EA0000A4860 /* AlertSound.swift in Sources */,
				ED540F531CE45E8B000A4860 /* TimerStateArchive.swift in Sources */,
				ED540F581CE45E9B000A4860 /* PanGestureInfoProviding.swift in Sources */,
				680D8C491CF2652A0025557F /* ClockView.swift in Sources */,
				ED540F641CE45EBF000A4860 /* Timer.swift in Sources */,
				ED8C54EB1CD8698000119596 /* SnapshotHelper.swift in Sources */,
			);
			runOnlyForDeploymentPostprocessing = 0;
		};
		EDABD9C41A7A0CD6006CFBA5 /* Sources */ = {
			isa = PBXSourcesBuildPhase;
			buildActionMask = 2147483647;
			files = (
				EDDA88D91CD5476D003ABC96 /* TimerValue.swift in Sources */,
				5DECB8342445F6A10057CFB0 /* SceneCounter.swift in Sources */,
				ED9B668D1AD8326300888329 /* TimerController.swift in Sources */,
				EDC830691ADED1B40001D36F /* NotificationController.swift in Sources */,
				ED7C93D51AFCB339009C9AF7 /* Arrow.swift in Sources */,
				ED540F4C1CE45BAE000A4860 /* TimerViewController.swift in Sources */,
				ED59131D1A97CD790006B20F /* ClockView.swift in Sources */,
				EDE8109C1B1D7AAE00F68BFB /* InfoButton.swift in Sources */,
				ED7C93D71AFCB347009C9AF7 /* TimerState.swift in Sources */,
				5DECB82C2443BA450057CFB0 /* TestingFlag.swift in Sources */,
				ED5CD8971A9913D80086886B /* Timer.swift in Sources */,
				EDDA88DB1CD58DAA003ABC96 /* Theme.swift in Sources */,
				5DECB8322444A43B0057CFB0 /* SceneDelegate.swift in Sources */,
				ED82F8661CD072DC00D08D56 /* PanGestureInfoProviding.swift in Sources */,
				ED7EA2C21AC27126008C5237 /* TimerStateArchive.swift in Sources */,
				ED5CD8991A9CE7CE0086886B /* TimeFormatter.swift in Sources */,
				ED7C11E01B05EAA000318343 /* AlertSound.swift in Sources */,
				ED82F8691CD077A100D08D56 /* CustomTimerViewController.swift in Sources */,
				EDE3BF941CCF17B300B4A4C0 /* PlistReader.swift in Sources */,
				ED82F8601CD0687A00D08D56 /* TimeLabel.swift in Sources */,
				ED540F761CE92742000A4860 /* SettingsButton.swift in Sources */,
				EDABD9CE1A7A0CD6006CFBA5 /* AppDelegate.swift in Sources */,
				ED82F8641CD06B3A00D08D56 /* TimeDeltaCalculator.swift in Sources */,
				EDE3BF991CCF1E6C00B4A4C0 /* CustomTimerManager.swift in Sources */,
				ED7C11DB1B055E7D00318343 /* SettingsViewController.swift in Sources */,
				ED52FC401B02EA4700A9910D /* AudioController.swift in Sources */,
				ED5CD89D1A9E3AE60086886B /* ClearButton.swift in Sources */,
			);
			runOnlyForDeploymentPostprocessing = 0;
		};
/* End PBXSourcesBuildPhase section */

/* Begin PBXTargetDependency section */
		68F7925A1CF8C00E00AE7166 /* PBXTargetDependency */ = {
			isa = PBXTargetDependency;
			target = 68F792471CF8C00E00AE7166 /* Big Timer TV */;
			targetProxy = 68F792591CF8C00E00AE7166 /* PBXContainerItemProxy */;
		};
		ED8C54D81CD8539C00119596 /* PBXTargetDependency */ = {
			isa = PBXTargetDependency;
			target = EDABD9C71A7A0CD6006CFBA5 /* Big Timer */;
			targetProxy = ED8C54D71CD8539C00119596 /* PBXContainerItemProxy */;
		};
		ED8C54E61CD864AD00119596 /* PBXTargetDependency */ = {
			isa = PBXTargetDependency;
			target = EDABD9C71A7A0CD6006CFBA5 /* Big Timer */;
			targetProxy = ED8C54E51CD864AD00119596 /* PBXContainerItemProxy */;
		};
/* End PBXTargetDependency section */

/* Begin PBXVariantGroup section */
		68F7924E1CF8C00E00AE7166 /* Main.storyboard */ = {
			isa = PBXVariantGroup;
			children = (
				68F7924F1CF8C00E00AE7166 /* Base */,
			);
			name = Main.storyboard;
			sourceTree = "<group>";
		};
		EDABD9D11A7A0CD6006CFBA5 /* Main.storyboard */ = {
			isa = PBXVariantGroup;
			children = (
				EDABD9D21A7A0CD6006CFBA5 /* Base */,
			);
			name = Main.storyboard;
			sourceTree = "<group>";
		};
		EDABD9D61A7A0CD6006CFBA5 /* LaunchScreen.xib */ = {
			isa = PBXVariantGroup;
			children = (
				EDABD9D71A7A0CD6006CFBA5 /* Base */,
			);
			name = LaunchScreen.xib;
			sourceTree = "<group>";
		};
/* End PBXVariantGroup section */

/* Begin XCBuildConfiguration section */
		68F7925F1CF8C00E00AE7166 /* Debug */ = {
			isa = XCBuildConfiguration;
			buildSettings = {
				ASSETCATALOG_COMPILER_APPICON_NAME = "Brand Assets";
				ASSETCATALOG_COMPILER_LAUNCHIMAGE_NAME = LaunchImage;
				CLANG_ANALYZER_NONNULL = YES;
				CODE_SIGN_IDENTITY = "Apple Development";
				"CODE_SIGN_IDENTITY[sdk=appletvos*]" = "iPhone Developer";
				CODE_SIGN_STYLE = Automatic;
				DEBUG_INFORMATION_FORMAT = dwarf;
				DEVELOPMENT_TEAM = 8X78R6JQ6Y;
				GCC_NO_COMMON_BLOCKS = YES;
				INFOPLIST_FILE = "Big Timer TV/Info.plist";
				LD_RUNPATH_SEARCH_PATHS = "$(inherited) @executable_path/Frameworks";
				PRODUCT_BUNDLE_IDENTIFIER = "com.joelklabo.Big-Timer";
				PRODUCT_NAME = "$(TARGET_NAME)";
				PROVISIONING_PROFILE = "";
				PROVISIONING_PROFILE_SPECIFIER = "";
				SDKROOT = appletvos;
				SWIFT_VERSION = 5.0;
				TARGETED_DEVICE_FAMILY = 3;
				TVOS_DEPLOYMENT_TARGET = 13.3;
			};
			name = Debug;
		};
		68F792601CF8C00E00AE7166 /* Release */ = {
			isa = XCBuildConfiguration;
			buildSettings = {
				ASSETCATALOG_COMPILER_APPICON_NAME = "Brand Assets";
				ASSETCATALOG_COMPILER_LAUNCHIMAGE_NAME = LaunchImage;
				CLANG_ANALYZER_NONNULL = YES;
				CODE_SIGN_IDENTITY = "iPhone Developer";
				"CODE_SIGN_IDENTITY[sdk=appletvos*]" = "iPhone Developer";
				COPY_PHASE_STRIP = NO;
				DEBUG_INFORMATION_FORMAT = "dwarf-with-dsym";
				DEVELOPMENT_TEAM = 8X78R6JQ6Y;
				GCC_NO_COMMON_BLOCKS = YES;
				INFOPLIST_FILE = "Big Timer TV/Info.plist";
				LD_RUNPATH_SEARCH_PATHS = "$(inherited) @executable_path/Frameworks";
				PRODUCT_BUNDLE_IDENTIFIER = "com.joelklabo.Big-Timer";
				PRODUCT_NAME = "$(TARGET_NAME)";
				PROVISIONING_PROFILE = "";
				SDKROOT = appletvos;
				SWIFT_VERSION = 5.0;
				TARGETED_DEVICE_FAMILY = 3;
				TVOS_DEPLOYMENT_TARGET = 13.3;
			};
			name = Release;
		};
		68F792611CF8C00E00AE7166 /* Debug */ = {
			isa = XCBuildConfiguration;
			buildSettings = {
				BUNDLE_LOADER = "$(TEST_HOST)";
				CLANG_ANALYZER_NONNULL = YES;
				DEBUG_INFORMATION_FORMAT = dwarf;
				GCC_NO_COMMON_BLOCKS = YES;
				INFOPLIST_FILE = "Big Timer TVTests/Info.plist";
				LD_RUNPATH_SEARCH_PATHS = "$(inherited) @executable_path/Frameworks @loader_path/Frameworks";
				PRODUCT_BUNDLE_IDENTIFIER = "com.joelklabo.Big-Timer-TVTests";
				PRODUCT_NAME = "$(TARGET_NAME)";
				SDKROOT = appletvos;
				SWIFT_VERSION = 5.0;
				TEST_HOST = "$(BUILT_PRODUCTS_DIR)/Big Timer TV.app/Big Timer TV";
				TVOS_DEPLOYMENT_TARGET = 13.3;
			};
			name = Debug;
		};
		68F792621CF8C00E00AE7166 /* Release */ = {
			isa = XCBuildConfiguration;
			buildSettings = {
				BUNDLE_LOADER = "$(TEST_HOST)";
				CLANG_ANALYZER_NONNULL = YES;
				COPY_PHASE_STRIP = NO;
				DEBUG_INFORMATION_FORMAT = "dwarf-with-dsym";
				GCC_NO_COMMON_BLOCKS = YES;
				INFOPLIST_FILE = "Big Timer TVTests/Info.plist";
				LD_RUNPATH_SEARCH_PATHS = "$(inherited) @executable_path/Frameworks @loader_path/Frameworks";
				PRODUCT_BUNDLE_IDENTIFIER = "com.joelklabo.Big-Timer-TVTests";
				PRODUCT_NAME = "$(TARGET_NAME)";
				SDKROOT = appletvos;
				SWIFT_VERSION = 5.0;
				TEST_HOST = "$(BUILT_PRODUCTS_DIR)/Big Timer TV.app/Big Timer TV";
				TVOS_DEPLOYMENT_TARGET = 13.3;
			};
			name = Release;
		};
		ED8C54DA1CD8539C00119596 /* Debug */ = {
			isa = XCBuildConfiguration;
			buildSettings = {
				BUNDLE_LOADER = "$(TEST_HOST)";
				CLANG_ANALYZER_NONNULL = YES;
				DEBUG_INFORMATION_FORMAT = dwarf;
				GCC_NO_COMMON_BLOCKS = YES;
				INFOPLIST_FILE = BigTimerTests/Info.plist;
				IPHONEOS_DEPLOYMENT_TARGET = 13.4;
				LD_RUNPATH_SEARCH_PATHS = "$(inherited) @executable_path/Frameworks @loader_path/Frameworks";
				PRODUCT_BUNDLE_IDENTIFIER = com.joelklabo.BigTimerTests;
				PRODUCT_NAME = "$(TARGET_NAME)";
				SWIFT_VERSION = 5.0;
				TEST_HOST = "$(BUILT_PRODUCTS_DIR)/Big Timer.app/Big Timer";
			};
			name = Debug;
		};
		ED8C54DB1CD8539C00119596 /* Release */ = {
			isa = XCBuildConfiguration;
			buildSettings = {
				BUNDLE_LOADER = "$(TEST_HOST)";
				CLANG_ANALYZER_NONNULL = YES;
				COPY_PHASE_STRIP = NO;
				DEBUG_INFORMATION_FORMAT = "dwarf-with-dsym";
				GCC_NO_COMMON_BLOCKS = YES;
				INFOPLIST_FILE = BigTimerTests/Info.plist;
				IPHONEOS_DEPLOYMENT_TARGET = 13.4;
				LD_RUNPATH_SEARCH_PATHS = "$(inherited) @executable_path/Frameworks @loader_path/Frameworks";
				PRODUCT_BUNDLE_IDENTIFIER = com.joelklabo.BigTimerTests;
				PRODUCT_NAME = "$(TARGET_NAME)";
				SWIFT_VERSION = 5.0;
				TEST_HOST = "$(BUILT_PRODUCTS_DIR)/Big Timer.app/Big Timer";
			};
			name = Release;
		};
		ED8C54E81CD864AD00119596 /* Debug */ = {
			isa = XCBuildConfiguration;
			buildSettings = {
				CLANG_ANALYZER_NONNULL = YES;
				DEBUG_INFORMATION_FORMAT = dwarf;
				GCC_NO_COMMON_BLOCKS = YES;
				INFOPLIST_FILE = BigTimerUITests/Info.plist;
				IPHONEOS_DEPLOYMENT_TARGET = 13.4;
				LD_RUNPATH_SEARCH_PATHS = "$(inherited) @executable_path/Frameworks @loader_path/Frameworks";
				PRODUCT_BUNDLE_IDENTIFIER = com.joelklabo.BigTimerUITests;
				PRODUCT_NAME = "$(TARGET_NAME)";
				SWIFT_VERSION = 5.0;
				TEST_TARGET_NAME = "Big Timer";
			};
			name = Debug;
		};
		ED8C54E91CD864AD00119596 /* Release */ = {
			isa = XCBuildConfiguration;
			buildSettings = {
				CLANG_ANALYZER_NONNULL = YES;
				COPY_PHASE_STRIP = NO;
				DEBUG_INFORMATION_FORMAT = "dwarf-with-dsym";
				GCC_NO_COMMON_BLOCKS = YES;
				INFOPLIST_FILE = BigTimerUITests/Info.plist;
				IPHONEOS_DEPLOYMENT_TARGET = 13.4;
				LD_RUNPATH_SEARCH_PATHS = "$(inherited) @executable_path/Frameworks @loader_path/Frameworks";
				PRODUCT_BUNDLE_IDENTIFIER = com.joelklabo.BigTimerUITests;
				PRODUCT_NAME = "$(TARGET_NAME)";
				SWIFT_VERSION = 5.0;
				TEST_TARGET_NAME = "Big Timer";
			};
			name = Release;
		};
		EDABD9E51A7A0CD6006CFBA5 /* Debug */ = {
			isa = XCBuildConfiguration;
			baseConfigurationReference = 5D32627A2447E295006FFA65 /* BigTimer.xcconfig */;
			buildSettings = {
				ALWAYS_SEARCH_USER_PATHS = NO;
				CLANG_ANALYZER_LOCALIZABILITY_NONLOCALIZED = YES;
				CLANG_CXX_LANGUAGE_STANDARD = "gnu++0x";
				CLANG_CXX_LIBRARY = "libc++";
				CLANG_ENABLE_MODULES = YES;
				CLANG_ENABLE_OBJC_ARC = YES;
				CLANG_WARN_BLOCK_CAPTURE_AUTORELEASING = YES;
				CLANG_WARN_BOOL_CONVERSION = YES;
				CLANG_WARN_COMMA = YES;
				CLANG_WARN_CONSTANT_CONVERSION = YES;
				CLANG_WARN_DEPRECATED_OBJC_IMPLEMENTATIONS = YES;
				CLANG_WARN_DIRECT_OBJC_ISA_USAGE = YES_ERROR;
				CLANG_WARN_EMPTY_BODY = YES;
				CLANG_WARN_ENUM_CONVERSION = YES;
				CLANG_WARN_INFINITE_RECURSION = YES;
				CLANG_WARN_INT_CONVERSION = YES;
				CLANG_WARN_NON_LITERAL_NULL_CONVERSION = YES;
				CLANG_WARN_OBJC_IMPLICIT_RETAIN_SELF = YES;
				CLANG_WARN_OBJC_LITERAL_CONVERSION = YES;
				CLANG_WARN_OBJC_ROOT_CLASS = YES_ERROR;
				CLANG_WARN_RANGE_LOOP_ANALYSIS = YES;
				CLANG_WARN_STRICT_PROTOTYPES = YES;
				CLANG_WARN_SUSPICIOUS_MOVE = YES;
				CLANG_WARN_UNREACHABLE_CODE = YES;
				CLANG_WARN__DUPLICATE_METHOD_MATCH = YES;
				"CODE_SIGN_IDENTITY[sdk=iphoneos*]" = "iPhone Developer";
				COPY_PHASE_STRIP = NO;
				ENABLE_STRICT_OBJC_MSGSEND = YES;
				ENABLE_TESTABILITY = YES;
				GCC_C_LANGUAGE_STANDARD = gnu99;
				GCC_DYNAMIC_NO_PIC = NO;
				GCC_NO_COMMON_BLOCKS = YES;
				GCC_OPTIMIZATION_LEVEL = 0;
				GCC_PREPROCESSOR_DEFINITIONS = (
					"DEBUG=1",
					"$(inherited)",
				);
				GCC_SYMBOLS_PRIVATE_EXTERN = NO;
				GCC_WARN_64_TO_32_BIT_CONVERSION = YES;
				GCC_WARN_ABOUT_RETURN_TYPE = YES_ERROR;
				GCC_WARN_UNDECLARED_SELECTOR = YES;
				GCC_WARN_UNINITIALIZED_AUTOS = YES_AGGRESSIVE;
				GCC_WARN_UNUSED_FUNCTION = YES;
				GCC_WARN_UNUSED_VARIABLE = YES;
				IPHONEOS_DEPLOYMENT_TARGET = 8.1;
				MTL_ENABLE_DEBUG_INFO = YES;
				ONLY_ACTIVE_ARCH = YES;
				SDKROOT = iphoneos;
				SWIFT_OPTIMIZATION_LEVEL = "-Onone";
				TARGETED_DEVICE_FAMILY = "1,2";
			};
			name = Debug;
		};
		EDABD9E61A7A0CD6006CFBA5 /* Release */ = {
			isa = XCBuildConfiguration;
			baseConfigurationReference = 5D32627A2447E295006FFA65 /* BigTimer.xcconfig */;
			buildSettings = {
				ALWAYS_SEARCH_USER_PATHS = NO;
				CLANG_ANALYZER_LOCALIZABILITY_NONLOCALIZED = YES;
				CLANG_CXX_LANGUAGE_STANDARD = "gnu++0x";
				CLANG_CXX_LIBRARY = "libc++";
				CLANG_ENABLE_MODULES = YES;
				CLANG_ENABLE_OBJC_ARC = YES;
				CLANG_WARN_BLOCK_CAPTURE_AUTORELEASING = YES;
				CLANG_WARN_BOOL_CONVERSION = YES;
				CLANG_WARN_COMMA = YES;
				CLANG_WARN_CONSTANT_CONVERSION = YES;
				CLANG_WARN_DEPRECATED_OBJC_IMPLEMENTATIONS = YES;
				CLANG_WARN_DIRECT_OBJC_ISA_USAGE = YES_ERROR;
				CLANG_WARN_EMPTY_BODY = YES;
				CLANG_WARN_ENUM_CONVERSION = YES;
				CLANG_WARN_INFINITE_RECURSION = YES;
				CLANG_WARN_INT_CONVERSION = YES;
				CLANG_WARN_NON_LITERAL_NULL_CONVERSION = YES;
				CLANG_WARN_OBJC_IMPLICIT_RETAIN_SELF = YES;
				CLANG_WARN_OBJC_LITERAL_CONVERSION = YES;
				CLANG_WARN_OBJC_ROOT_CLASS = YES_ERROR;
				CLANG_WARN_RANGE_LOOP_ANALYSIS = YES;
				CLANG_WARN_STRICT_PROTOTYPES = YES;
				CLANG_WARN_SUSPICIOUS_MOVE = YES;
				CLANG_WARN_UNREACHABLE_CODE = YES;
				CLANG_WARN__DUPLICATE_METHOD_MATCH = YES;
				"CODE_SIGN_IDENTITY[sdk=iphoneos*]" = "iPhone Developer";
				COPY_PHASE_STRIP = YES;
				ENABLE_NS_ASSERTIONS = NO;
				ENABLE_STRICT_OBJC_MSGSEND = YES;
				GCC_C_LANGUAGE_STANDARD = gnu99;
				GCC_NO_COMMON_BLOCKS = YES;
				GCC_WARN_64_TO_32_BIT_CONVERSION = YES;
				GCC_WARN_ABOUT_RETURN_TYPE = YES_ERROR;
				GCC_WARN_UNDECLARED_SELECTOR = YES;
				GCC_WARN_UNINITIALIZED_AUTOS = YES_AGGRESSIVE;
				GCC_WARN_UNUSED_FUNCTION = YES;
				GCC_WARN_UNUSED_VARIABLE = YES;
				IPHONEOS_DEPLOYMENT_TARGET = 8.1;
				MTL_ENABLE_DEBUG_INFO = NO;
				SDKROOT = iphoneos;
				SWIFT_COMPILATION_MODE = wholemodule;
				TARGETED_DEVICE_FAMILY = "1,2";
				VALIDATE_PRODUCT = YES;
			};
			name = Release;
		};
		EDABD9E81A7A0CD6006CFBA5 /* Debug */ = {
			isa = XCBuildConfiguration;
			buildSettings = {
				ASSETCATALOG_COMPILER_APPICON_NAME = AppIcon;
				CODE_SIGN_ENTITLEMENTS = "Big Timer/Big Timer.entitlements";
				CODE_SIGN_IDENTITY = "Apple Development";
				"CODE_SIGN_IDENTITY[sdk=iphoneos*]" = "iPhone Developer";
				"CODE_SIGN_IDENTITY[sdk=macosx*]" = "Apple Development";
				CODE_SIGN_STYLE = Automatic;
				CURRENT_PROJECT_VERSION = 1;
				DEVELOPMENT_TEAM = "";
				INFOPLIST_FILE = "Big Timer/Info.plist";
				IPHONEOS_DEPLOYMENT_TARGET = 13.4;
				LD_RUNPATH_SEARCH_PATHS = "$(inherited) @executable_path/Frameworks $(CONFIGURATION_BUILD_DIR)";
				MARKETING_VERSION = 5.2.1;
				PRODUCT_BUNDLE_IDENTIFIER = "com.joelklabo.$(PRODUCT_NAME:rfc1034identifier)";
				PRODUCT_NAME = "$(TARGET_NAME)";
				PROVISIONING_PROFILE_SPECIFIER = "";
				"PROVISIONING_PROFILE_SPECIFIER[sdk=macosx*]" = "";
				SUPPORTS_MACCATALYST = YES;
				SWIFT_VERSION = 5.0;
				VERSIONING_SYSTEM = "apple-generic";
			};
			name = Debug;
		};
		EDABD9E91A7A0CD6006CFBA5 /* Release */ = {
			isa = XCBuildConfiguration;
			buildSettings = {
				ASSETCATALOG_COMPILER_APPICON_NAME = AppIcon;
				CODE_SIGN_ENTITLEMENTS = "Big Timer/Big Timer.entitlements";
				CODE_SIGN_IDENTITY = "Apple Development";
				"CODE_SIGN_IDENTITY[sdk=iphoneos*]" = "iPhone Developer";
				"CODE_SIGN_IDENTITY[sdk=macosx*]" = "Apple Development";
				CODE_SIGN_STYLE = Automatic;
				CURRENT_PROJECT_VERSION = 1;
				DEVELOPMENT_TEAM = "";
				INFOPLIST_FILE = "Big Timer/Info.plist";
				IPHONEOS_DEPLOYMENT_TARGET = 13.4;
				LD_RUNPATH_SEARCH_PATHS = "$(inherited) @executable_path/Frameworks $(CONFIGURATION_BUILD_DIR)";
				MARKETING_VERSION = 5.2.1;
				PRODUCT_BUNDLE_IDENTIFIER = "com.joelklabo.$(PRODUCT_NAME:rfc1034identifier)";
				PRODUCT_NAME = "$(TARGET_NAME)";
				PROVISIONING_PROFILE_SPECIFIER = "";
				"PROVISIONING_PROFILE_SPECIFIER[sdk=macosx*]" = "";
				SUPPORTS_MACCATALYST = YES;
				SWIFT_VERSION = 5.0;
				VERSIONING_SYSTEM = "apple-generic";
			};
			name = Release;
		};
/* End XCBuildConfiguration section */

/* Begin XCConfigurationList section */
		68F792631CF8C00E00AE7166 /* Build configuration list for PBXNativeTarget "Big Timer TV" */ = {
			isa = XCConfigurationList;
			buildConfigurations = (
				68F7925F1CF8C00E00AE7166 /* Debug */,
				68F792601CF8C00E00AE7166 /* Release */,
			);
			defaultConfigurationIsVisible = 0;
			defaultConfigurationName = Release;
		};
		68F792641CF8C00E00AE7166 /* Build configuration list for PBXNativeTarget "Big Timer TVTests" */ = {
			isa = XCConfigurationList;
			buildConfigurations = (
				68F792611CF8C00E00AE7166 /* Debug */,
				68F792621CF8C00E00AE7166 /* Release */,
			);
			defaultConfigurationIsVisible = 0;
			defaultConfigurationName = Release;
		};
		ED8C54D91CD8539C00119596 /* Build configuration list for PBXNativeTarget "BigTimerTests" */ = {
			isa = XCConfigurationList;
			buildConfigurations = (
				ED8C54DA1CD8539C00119596 /* Debug */,
				ED8C54DB1CD8539C00119596 /* Release */,
			);
			defaultConfigurationIsVisible = 0;
			defaultConfigurationName = Release;
		};
		ED8C54E71CD864AD00119596 /* Build configuration list for PBXNativeTarget "BigTimerUITests" */ = {
			isa = XCConfigurationList;
			buildConfigurations = (
				ED8C54E81CD864AD00119596 /* Debug */,
				ED8C54E91CD864AD00119596 /* Release */,
			);
			defaultConfigurationIsVisible = 0;
			defaultConfigurationName = Release;
		};
		EDABD9C31A7A0CD6006CFBA5 /* Build configuration list for PBXProject "Big Timer" */ = {
			isa = XCConfigurationList;
			buildConfigurations = (
				EDABD9E51A7A0CD6006CFBA5 /* Debug */,
				EDABD9E61A7A0CD6006CFBA5 /* Release */,
			);
			defaultConfigurationIsVisible = 0;
			defaultConfigurationName = Release;
		};
		EDABD9E71A7A0CD6006CFBA5 /* Build configuration list for PBXNativeTarget "Big Timer" */ = {
			isa = XCConfigurationList;
			buildConfigurations = (
				EDABD9E81A7A0CD6006CFBA5 /* Debug */,
				EDABD9E91A7A0CD6006CFBA5 /* Release */,
			);
			defaultConfigurationIsVisible = 0;
			defaultConfigurationName = Release;
		};
/* End XCConfigurationList section */
	};
	rootObject = EDABD9C01A7A0CD6006CFBA5 /* Project object */;
}
