// !$*UTF8*$!
{
	archiveVersion = 1;
	classes = {
	};
	objectVersion = 46;
	objects = {

/* Begin PBXBuildFile section */
		ED59131D1A97CD790006B20F /* ClockView.swift in Sources */ = {isa = PBXBuildFile; fileRef = ED59131C1A97CD790006B20F /* ClockView.swift */; };
		ED5CD8971A9913D80086886B /* Timer.swift in Sources */ = {isa = PBXBuildFile; fileRef = ED5CD8961A9913D80086886B /* Timer.swift */; };
		ED5CD8991A9CE7CE0086886B /* TimeFormatter.swift in Sources */ = {isa = PBXBuildFile; fileRef = ED5CD8981A9CE7CE0086886B /* TimeFormatter.swift */; };
		ED5CD89D1A9E3AE60086886B /* ClearButton.swift in Sources */ = {isa = PBXBuildFile; fileRef = ED5CD89C1A9E3AE60086886B /* ClearButton.swift */; };
		ED5CD8A11AA26E600086886B /* Arrow.swift in Sources */ = {isa = PBXBuildFile; fileRef = ED5CD8A01AA26E600086886B /* Arrow.swift */; };
		ED7EA2C21AC27126008C5237 /* TimerStateArchive.swift in Sources */ = {isa = PBXBuildFile; fileRef = ED7EA2C11AC27126008C5237 /* TimerStateArchive.swift */; };
		ED7EA2C41AC2723C008C5237 /* TimerStateEncoderTest.swift in Sources */ = {isa = PBXBuildFile; fileRef = ED7EA2C31AC2723B008C5237 /* TimerStateEncoderTest.swift */; };
		ED7EA2C51AC27655008C5237 /* AppDelegate.swift in Sources */ = {isa = PBXBuildFile; fileRef = EDABD9CD1A7A0CD6006CFBA5 /* AppDelegate.swift */; };
		ED7EA2C61AC27658008C5237 /* TimerStateArchive.swift in Sources */ = {isa = PBXBuildFile; fileRef = ED7EA2C11AC27126008C5237 /* TimerStateArchive.swift */; };
		ED7EA2C81AC27660008C5237 /* Arrow.swift in Sources */ = {isa = PBXBuildFile; fileRef = ED5CD8A01AA26E600086886B /* Arrow.swift */; };
		ED7EA2C91AC2766E008C5237 /* ViewController.swift in Sources */ = {isa = PBXBuildFile; fileRef = EDABD9CF1A7A0CD6006CFBA5 /* ViewController.swift */; };
		ED7EA2CB1AC27676008C5237 /* TimeFormatter.swift in Sources */ = {isa = PBXBuildFile; fileRef = ED5CD8981A9CE7CE0086886B /* TimeFormatter.swift */; };
		ED7EA2CC1AC27679008C5237 /* ClockView.swift in Sources */ = {isa = PBXBuildFile; fileRef = ED59131C1A97CD790006B20F /* ClockView.swift */; };
		ED7EA2CD1AC2767B008C5237 /* ClearButton.swift in Sources */ = {isa = PBXBuildFile; fileRef = ED5CD89C1A9E3AE60086886B /* ClearButton.swift */; };
		ED7EA2CE1AC2767E008C5237 /* Timer.swift in Sources */ = {isa = PBXBuildFile; fileRef = ED5CD8961A9913D80086886B /* Timer.swift */; };
		ED7EA2D01AC2954E008C5237 /* TimerState.swift in Sources */ = {isa = PBXBuildFile; fileRef = ED7EA2CF1AC2954E008C5237 /* TimerState.swift */; };
		ED7EA2D11AC2954E008C5237 /* TimerState.swift in Sources */ = {isa = PBXBuildFile; fileRef = ED7EA2CF1AC2954E008C5237 /* TimerState.swift */; };
		ED9B668D1AD8326300888329 /* TimerController.swift in Sources */ = {isa = PBXBuildFile; fileRef = ED9B668C1AD8326300888329 /* TimerController.swift */; };
		ED9B668E1ADA04F500888329 /* TimerController.swift in Sources */ = {isa = PBXBuildFile; fileRef = ED9B668C1AD8326300888329 /* TimerController.swift */; };
		EDA0359F1AE88BCA007A3F6E /* NotificationController.swift in Sources */ = {isa = PBXBuildFile; fileRef = EDC830681ADED1B40001D36F /* NotificationController.swift */; };
		EDABD9CE1A7A0CD6006CFBA5 /* AppDelegate.swift in Sources */ = {isa = PBXBuildFile; fileRef = EDABD9CD1A7A0CD6006CFBA5 /* AppDelegate.swift */; };
		EDABD9D01A7A0CD6006CFBA5 /* ViewController.swift in Sources */ = {isa = PBXBuildFile; fileRef = EDABD9CF1A7A0CD6006CFBA5 /* ViewController.swift */; };
		EDABD9D31A7A0CD6006CFBA5 /* Main.storyboard in Resources */ = {isa = PBXBuildFile; fileRef = EDABD9D11A7A0CD6006CFBA5 /* Main.storyboard */; };
		EDABD9D51A7A0CD6006CFBA5 /* Images.xcassets in Resources */ = {isa = PBXBuildFile; fileRef = EDABD9D41A7A0CD6006CFBA5 /* Images.xcassets */; };
		EDABD9D81A7A0CD6006CFBA5 /* LaunchScreen.xib in Resources */ = {isa = PBXBuildFile; fileRef = EDABD9D61A7A0CD6006CFBA5 /* LaunchScreen.xib */; };
		EDC830691ADED1B40001D36F /* NotificationController.swift in Sources */ = {isa = PBXBuildFile; fileRef = EDC830681ADED1B40001D36F /* NotificationController.swift */; };
/* End PBXBuildFile section */

/* Begin PBXContainerItemProxy section */
		EDABD9DE1A7A0CD6006CFBA5 /* PBXContainerItemProxy */ = {
			isa = PBXContainerItemProxy;
			containerPortal = EDABD9C01A7A0CD6006CFBA5 /* Project object */;
			proxyType = 1;
			remoteGlobalIDString = EDABD9C71A7A0CD6006CFBA5;
			remoteInfo = "Big Timer";
		};
/* End PBXContainerItemProxy section */

/* Begin PBXFileReference section */
		ED59131C1A97CD790006B20F /* ClockView.swift */ = {isa = PBXFileReference; fileEncoding = 4; lastKnownFileType = sourcecode.swift; path = ClockView.swift; sourceTree = "<group>"; };
		ED5CD8961A9913D80086886B /* Timer.swift */ = {isa = PBXFileReference; fileEncoding = 4; lastKnownFileType = sourcecode.swift; path = Timer.swift; sourceTree = "<group>"; };
		ED5CD8981A9CE7CE0086886B /* TimeFormatter.swift */ = {isa = PBXFileReference; fileEncoding = 4; lastKnownFileType = sourcecode.swift; path = TimeFormatter.swift; sourceTree = "<group>"; };
		ED5CD89C1A9E3AE60086886B /* ClearButton.swift */ = {isa = PBXFileReference; fileEncoding = 4; lastKnownFileType = sourcecode.swift; path = ClearButton.swift; sourceTree = "<group>"; };
		ED5CD8A01AA26E600086886B /* Arrow.swift */ = {isa = PBXFileReference; fileEncoding = 4; lastKnownFileType = sourcecode.swift; name = Arrow.swift; path = ../Arrow.swift; sourceTree = "<group>"; };
		ED7EA2C11AC27126008C5237 /* TimerStateArchive.swift */ = {isa = PBXFileReference; fileEncoding = 4; lastKnownFileType = sourcecode.swift; path = TimerStateArchive.swift; sourceTree = "<group>"; };
		ED7EA2C31AC2723B008C5237 /* TimerStateEncoderTest.swift */ = {isa = PBXFileReference; fileEncoding = 4; lastKnownFileType = sourcecode.swift; name = TimerStateEncoderTest.swift; path = "../Big Timer/TimerStateEncoderTest.swift"; sourceTree = "<group>"; };
		ED7EA2CF1AC2954E008C5237 /* TimerState.swift */ = {isa = PBXFileReference; fileEncoding = 4; lastKnownFileType = sourcecode.swift; name = TimerState.swift; path = ../TimerState.swift; sourceTree = "<group>"; };
		ED9B668C1AD8326300888329 /* TimerController.swift */ = {isa = PBXFileReference; fileEncoding = 4; lastKnownFileType = sourcecode.swift; path = TimerController.swift; sourceTree = "<group>"; };
		EDABD9C81A7A0CD6006CFBA5 /* Big Timer.app */ = {isa = PBXFileReference; explicitFileType = wrapper.application; includeInIndex = 0; path = "Big Timer.app"; sourceTree = BUILT_PRODUCTS_DIR; };
		EDABD9CC1A7A0CD6006CFBA5 /* Info.plist */ = {isa = PBXFileReference; lastKnownFileType = text.plist.xml; path = Info.plist; sourceTree = "<group>"; };
		EDABD9CD1A7A0CD6006CFBA5 /* AppDelegate.swift */ = {isa = PBXFileReference; lastKnownFileType = sourcecode.swift; path = AppDelegate.swift; sourceTree = "<group>"; };
		EDABD9CF1A7A0CD6006CFBA5 /* ViewController.swift */ = {isa = PBXFileReference; lastKnownFileType = sourcecode.swift; path = ViewController.swift; sourceTree = "<group>"; };
		EDABD9D21A7A0CD6006CFBA5 /* Base */ = {isa = PBXFileReference; lastKnownFileType = file.storyboard; name = Base; path = Base.lproj/Main.storyboard; sourceTree = "<group>"; };
		EDABD9D41A7A0CD6006CFBA5 /* Images.xcassets */ = {isa = PBXFileReference; lastKnownFileType = folder.assetcatalog; path = Images.xcassets; sourceTree = "<group>"; };
		EDABD9D71A7A0CD6006CFBA5 /* Base */ = {isa = PBXFileReference; lastKnownFileType = file.xib; name = Base; path = Base.lproj/LaunchScreen.xib; sourceTree = "<group>"; };
		EDABD9DD1A7A0CD6006CFBA5 /* Big TimerTests.xctest */ = {isa = PBXFileReference; explicitFileType = wrapper.cfbundle; includeInIndex = 0; path = "Big TimerTests.xctest"; sourceTree = BUILT_PRODUCTS_DIR; };
		EDABD9E21A7A0CD6006CFBA5 /* Info.plist */ = {isa = PBXFileReference; lastKnownFileType = text.plist.xml; path = Info.plist; sourceTree = "<group>"; };
		EDC830681ADED1B40001D36F /* NotificationController.swift */ = {isa = PBXFileReference; fileEncoding = 4; lastKnownFileType = sourcecode.swift; path = NotificationController.swift; sourceTree = "<group>"; };
/* End PBXFileReference section */

/* Begin PBXFrameworksBuildPhase section */
		EDABD9C51A7A0CD6006CFBA5 /* Frameworks */ = {
			isa = PBXFrameworksBuildPhase;
			buildActionMask = 2147483647;
			files = (
			);
			runOnlyForDeploymentPostprocessing = 0;
		};
		EDABD9DA1A7A0CD6006CFBA5 /* Frameworks */ = {
			isa = PBXFrameworksBuildPhase;
			buildActionMask = 2147483647;
			files = (
			);
			runOnlyForDeploymentPostprocessing = 0;
		};
/* End PBXFrameworksBuildPhase section */

/* Begin PBXGroup section */
		ED23095E1AF291CB0028D062 /* Views */ = {
			isa = PBXGroup;
			children = (
				ED5CD89C1A9E3AE60086886B /* ClearButton.swift */,
				ED59131C1A97CD790006B20F /* ClockView.swift */,
				ED5CD8A01AA26E600086886B /* Arrow.swift */,
			);
			name = Views;
			sourceTree = "<group>";
		};
		EDABD9BF1A7A0CD6006CFBA5 = {
			isa = PBXGroup;
			children = (
				EDABD9CA1A7A0CD6006CFBA5 /* Big Timer */,
				EDABD9E01A7A0CD6006CFBA5 /* Big TimerTests */,
				EDABD9C91A7A0CD6006CFBA5 /* Products */,
			);
			sourceTree = "<group>";
		};
		EDABD9C91A7A0CD6006CFBA5 /* Products */ = {
			isa = PBXGroup;
			children = (
				EDABD9C81A7A0CD6006CFBA5 /* Big Timer.app */,
				EDABD9DD1A7A0CD6006CFBA5 /* Big TimerTests.xctest */,
			);
			name = Products;
			sourceTree = "<group>";
		};
		EDABD9CA1A7A0CD6006CFBA5 /* Big Timer */ = {
			isa = PBXGroup;
			children = (
				ED23095E1AF291CB0028D062 /* Views */,
				ED7EA2CF1AC2954E008C5237 /* TimerState.swift */,
				EDABD9CD1A7A0CD6006CFBA5 /* AppDelegate.swift */,
				ED7EA2C11AC27126008C5237 /* TimerStateArchive.swift */,
				EDABD9CF1A7A0CD6006CFBA5 /* ViewController.swift */,
				ED5CD8961A9913D80086886B /* Timer.swift */,
				ED5CD8981A9CE7CE0086886B /* TimeFormatter.swift */,
				EDC830681ADED1B40001D36F /* NotificationController.swift */,
				ED9B668C1AD8326300888329 /* TimerController.swift */,
				EDABD9D11A7A0CD6006CFBA5 /* Main.storyboard */,
				EDABD9D41A7A0CD6006CFBA5 /* Images.xcassets */,
				EDABD9D61A7A0CD6006CFBA5 /* LaunchScreen.xib */,
				EDABD9CB1A7A0CD6006CFBA5 /* Supporting Files */,
			);
			path = "Big Timer";
			sourceTree = "<group>";
		};
		EDABD9CB1A7A0CD6006CFBA5 /* Supporting Files */ = {
			isa = PBXGroup;
			children = (
				EDABD9CC1A7A0CD6006CFBA5 /* Info.plist */,
			);
			name = "Supporting Files";
			sourceTree = "<group>";
		};
		EDABD9E01A7A0CD6006CFBA5 /* Big TimerTests */ = {
			isa = PBXGroup;
			children = (
				ED7EA2C31AC2723B008C5237 /* TimerStateEncoderTest.swift */,
				EDABD9E11A7A0CD6006CFBA5 /* Supporting Files */,
			);
			path = "Big TimerTests";
			sourceTree = "<group>";
		};
		EDABD9E11A7A0CD6006CFBA5 /* Supporting Files */ = {
			isa = PBXGroup;
			children = (
				EDABD9E21A7A0CD6006CFBA5 /* Info.plist */,
			);
			name = "Supporting Files";
			sourceTree = "<group>";
		};
/* End PBXGroup section */

/* Begin PBXNativeTarget section */
		EDABD9C71A7A0CD6006CFBA5 /* Big Timer */ = {
			isa = PBXNativeTarget;
			buildConfigurationList = EDABD9E71A7A0CD6006CFBA5 /* Build configuration list for PBXNativeTarget "Big Timer" */;
			buildPhases = (
				EDABD9C41A7A0CD6006CFBA5 /* Sources */,
				EDABD9C51A7A0CD6006CFBA5 /* Frameworks */,
				EDABD9C61A7A0CD6006CFBA5 /* Resources */,
			);
			buildRules = (
			);
			dependencies = (
			);
			name = "Big Timer";
			productName = "Big Timer";
			productReference = EDABD9C81A7A0CD6006CFBA5 /* Big Timer.app */;
			productType = "com.apple.product-type.application";
		};
		EDABD9DC1A7A0CD6006CFBA5 /* Big TimerTests */ = {
			isa = PBXNativeTarget;
			buildConfigurationList = EDABD9EA1A7A0CD6006CFBA5 /* Build configuration list for PBXNativeTarget "Big TimerTests" */;
			buildPhases = (
				EDABD9D91A7A0CD6006CFBA5 /* Sources */,
				EDABD9DA1A7A0CD6006CFBA5 /* Frameworks */,
				EDABD9DB1A7A0CD6006CFBA5 /* Resources */,
			);
			buildRules = (
			);
			dependencies = (
				EDABD9DF1A7A0CD6006CFBA5 /* PBXTargetDependency */,
			);
			name = "Big TimerTests";
			productName = "Big TimerTests";
			productReference = EDABD9DD1A7A0CD6006CFBA5 /* Big TimerTests.xctest */;
			productType = "com.apple.product-type.bundle.unit-test";
		};
/* End PBXNativeTarget section */

/* Begin PBXProject section */
		EDABD9C01A7A0CD6006CFBA5 /* Project object */ = {
			isa = PBXProject;
			attributes = {
				LastUpgradeCheck = 0610;
				ORGANIZATIONNAME = "Joel Klabo";
				TargetAttributes = {
					EDABD9C71A7A0CD6006CFBA5 = {
						CreatedOnToolsVersion = 6.1.1;
						DevelopmentTeam = 8X78R6JQ6Y;
					};
					EDABD9DC1A7A0CD6006CFBA5 = {
						CreatedOnToolsVersion = 6.1.1;
						TestTargetID = EDABD9C71A7A0CD6006CFBA5;
					};
				};
			};
			buildConfigurationList = EDABD9C31A7A0CD6006CFBA5 /* Build configuration list for PBXProject "Big Timer" */;
			compatibilityVersion = "Xcode 3.2";
			developmentRegion = English;
			hasScannedForEncodings = 0;
			knownRegions = (
				en,
				Base,
			);
			mainGroup = EDABD9BF1A7A0CD6006CFBA5;
			productRefGroup = EDABD9C91A7A0CD6006CFBA5 /* Products */;
			projectDirPath = "";
			projectRoot = "";
			targets = (
				EDABD9C71A7A0CD6006CFBA5 /* Big Timer */,
				EDABD9DC1A7A0CD6006CFBA5 /* Big TimerTests */,
			);
		};
/* End PBXProject section */

/* Begin PBXResourcesBuildPhase section */
		EDABD9C61A7A0CD6006CFBA5 /* Resources */ = {
			isa = PBXResourcesBuildPhase;
			buildActionMask = 2147483647;
			files = (
				EDABD9D31A7A0CD6006CFBA5 /* Main.storyboard in Resources */,
				EDABD9D81A7A0CD6006CFBA5 /* LaunchScreen.xib in Resources */,
				EDABD9D51A7A0CD6006CFBA5 /* Images.xcassets in Resources */,
			);
			runOnlyForDeploymentPostprocessing = 0;
		};
		EDABD9DB1A7A0CD6006CFBA5 /* Resources */ = {
			isa = PBXResourcesBuildPhase;
			buildActionMask = 2147483647;
			files = (
			);
			runOnlyForDeploymentPostprocessing = 0;
		};
/* End PBXResourcesBuildPhase section */

/* Begin PBXSourcesBuildPhase section */
		EDABD9C41A7A0CD6006CFBA5 /* Sources */ = {
			isa = PBXSourcesBuildPhase;
			buildActionMask = 2147483647;
			files = (
				EDABD9D01A7A0CD6006CFBA5 /* ViewController.swift in Sources */,
				ED5CD8A11AA26E600086886B /* Arrow.swift in Sources */,
				ED9B668D1AD8326300888329 /* TimerController.swift in Sources */,
				EDC830691ADED1B40001D36F /* NotificationController.swift in Sources */,
				ED59131D1A97CD790006B20F /* ClockView.swift in Sources */,
				ED7EA2D01AC2954E008C5237 /* TimerState.swift in Sources */,
				ED5CD8971A9913D80086886B /* Timer.swift in Sources */,
				ED7EA2C21AC27126008C5237 /* TimerStateArchive.swift in Sources */,
				ED5CD8991A9CE7CE0086886B /* TimeFormatter.swift in Sources */,
				EDABD9CE1A7A0CD6006CFBA5 /* AppDelegate.swift in Sources */,
				ED5CD89D1A9E3AE60086886B /* ClearButton.swift in Sources */,
			);
			runOnlyForDeploymentPostprocessing = 0;
		};
		EDABD9D91A7A0CD6006CFBA5 /* Sources */ = {
			isa = PBXSourcesBuildPhase;
			buildActionMask = 2147483647;
			files = (
				ED7EA2C91AC2766E008C5237 /* ViewController.swift in Sources */,
				ED7EA2D11AC2954E008C5237 /* TimerState.swift in Sources */,
				ED9B668E1ADA04F500888329 /* TimerController.swift in Sources */,
				ED7EA2CB1AC27676008C5237 /* TimeFormatter.swift in Sources */,
				ED7EA2C51AC27655008C5237 /* AppDelegate.swift in Sources */,
				ED7EA2C41AC2723C008C5237 /* TimerStateEncoderTest.swift in Sources */,
				EDA0359F1AE88BCA007A3F6E /* NotificationController.swift in Sources */,
				ED7EA2C81AC27660008C5237 /* Arrow.swift in Sources */,
				ED7EA2CD1AC2767B008C5237 /* ClearButton.swift in Sources */,
				ED7EA2CC1AC27679008C5237 /* ClockView.swift in Sources */,
				ED7EA2CE1AC2767E008C5237 /* Timer.swift in Sources */,
				ED7EA2C61AC27658008C5237 /* TimerStateArchive.swift in Sources */,
			);
			runOnlyForDeploymentPostprocessing = 0;
		};
/* End PBXSourcesBuildPhase section */

/* Begin PBXTargetDependency section */
		EDABD9DF1A7A0CD6006CFBA5 /* PBXTargetDependency */ = {
			isa = PBXTargetDependency;
			target = EDABD9C71A7A0CD6006CFBA5 /* Big Timer */;
			targetProxy = EDABD9DE1A7A0CD6006CFBA5 /* PBXContainerItemProxy */;
		};
/* End PBXTargetDependency section */

/* Begin PBXVariantGroup section */
		EDABD9D11A7A0CD6006CFBA5 /* Main.storyboard */ = {
			isa = PBXVariantGroup;
			children = (
				EDABD9D21A7A0CD6006CFBA5 /* Base */,
			);
			name = Main.storyboard;
			sourceTree = "<group>";
		};
		EDABD9D61A7A0CD6006CFBA5 /* LaunchScreen.xib */ = {
			isa = PBXVariantGroup;
			children = (
				EDABD9D71A7A0CD6006CFBA5 /* Base */,
			);
			name = LaunchScreen.xib;
			sourceTree = "<group>";
		};
/* End PBXVariantGroup section */

/* Begin XCBuildConfiguration section */
		EDABD9E51A7A0CD6006CFBA5 /* Debug */ = {
			isa = XCBuildConfiguration;
			buildSettings = {
				ALWAYS_SEARCH_USER_PATHS = NO;
				CLANG_CXX_LANGUAGE_STANDARD = "gnu++0x";
				CLANG_CXX_LIBRARY = "libc++";
				CLANG_ENABLE_MODULES = YES;
				CLANG_ENABLE_OBJC_ARC = YES;
				CLANG_WARN_BOOL_CONVERSION = YES;
				CLANG_WARN_CONSTANT_CONVERSION = YES;
				CLANG_WARN_DIRECT_OBJC_ISA_USAGE = YES_ERROR;
				CLANG_WARN_EMPTY_BODY = YES;
				CLANG_WARN_ENUM_CONVERSION = YES;
				CLANG_WARN_INT_CONVERSION = YES;
				CLANG_WARN_OBJC_ROOT_CLASS = YES_ERROR;
				CLANG_WARN_UNREACHABLE_CODE = YES;
				CLANG_WARN__DUPLICATE_METHOD_MATCH = YES;
				"CODE_SIGN_IDENTITY[sdk=iphoneos*]" = "iPhone Developer";
				COPY_PHASE_STRIP = NO;
				ENABLE_STRICT_OBJC_MSGSEND = YES;
				GCC_C_LANGUAGE_STANDARD = gnu99;
				GCC_DYNAMIC_NO_PIC = NO;
				GCC_OPTIMIZATION_LEVEL = 0;
				GCC_PREPROCESSOR_DEFINITIONS = (
					"DEBUG=1",
					"$(inherited)",
				);
				GCC_SYMBOLS_PRIVATE_EXTERN = NO;
				GCC_WARN_64_TO_32_BIT_CONVERSION = YES;
				GCC_WARN_ABOUT_RETURN_TYPE = YES_ERROR;
				GCC_WARN_UNDECLARED_SELECTOR = YES;
				GCC_WARN_UNINITIALIZED_AUTOS = YES_AGGRESSIVE;
				GCC_WARN_UNUSED_FUNCTION = YES;
				GCC_WARN_UNUSED_VARIABLE = YES;
				IPHONEOS_DEPLOYMENT_TARGET = 8.1;
				MTL_ENABLE_DEBUG_INFO = YES;
				ONLY_ACTIVE_ARCH = YES;
				SDKROOT = iphoneos;
				SWIFT_OPTIMIZATION_LEVEL = "-Onone";
				TARGETED_DEVICE_FAMILY = "1,2";
			};
			name = Debug;
		};
		EDABD9E61A7A0CD6006CFBA5 /* Release */ = {
			isa = XCBuildConfiguration;
			buildSettings = {
				ALWAYS_SEARCH_USER_PATHS = NO;
				CLANG_CXX_LANGUAGE_STANDARD = "gnu++0x";
				CLANG_CXX_LIBRARY = "libc++";
				CLANG_ENABLE_MODULES = YES;
				CLANG_ENABLE_OBJC_ARC = YES;
				CLANG_WARN_BOOL_CONVERSION = YES;
				CLANG_WARN_CONSTANT_CONVERSION = YES;
				CLANG_WARN_DIRECT_OBJC_ISA_USAGE = YES_ERROR;
				CLANG_WARN_EMPTY_BODY = YES;
				CLANG_WARN_ENUM_CONVERSION = YES;
				CLANG_WARN_INT_CONVERSION = YES;
				CLANG_WARN_OBJC_ROOT_CLASS = YES_ERROR;
				CLANG_WARN_UNREACHABLE_CODE = YES;
				CLANG_WARN__DUPLICATE_METHOD_MATCH = YES;
				"CODE_SIGN_IDENTITY[sdk=iphoneos*]" = "iPhone Developer";
				COPY_PHASE_STRIP = YES;
				ENABLE_NS_ASSERTIONS = NO;
				ENABLE_STRICT_OBJC_MSGSEND = YES;
				GCC_C_LANGUAGE_STANDARD = gnu99;
				GCC_WARN_64_TO_32_BIT_CONVERSION = YES;
				GCC_WARN_ABOUT_RETURN_TYPE = YES_ERROR;
				GCC_WARN_UNDECLARED_SELECTOR = YES;
				GCC_WARN_UNINITIALIZED_AUTOS = YES_AGGRESSIVE;
				GCC_WARN_UNUSED_FUNCTION = YES;
				GCC_WARN_UNUSED_VARIABLE = YES;
				IPHONEOS_DEPLOYMENT_TARGET = 8.1;
				MTL_ENABLE_DEBUG_INFO = NO;
				SDKROOT = iphoneos;
				TARGETED_DEVICE_FAMILY = "1,2";
				VALIDATE_PRODUCT = YES;
			};
			name = Release;
		};
		EDABD9E81A7A0CD6006CFBA5 /* Debug */ = {
			isa = XCBuildConfiguration;
			buildSettings = {
				ASSETCATALOG_COMPILER_APPICON_NAME = AppIcon;
				INFOPLIST_FILE = "Big Timer/Info.plist";
				LD_RUNPATH_SEARCH_PATHS = "$(inherited) @executable_path/Frameworks";
				PRODUCT_NAME = "$(TARGET_NAME)";
			};
			name = Debug;
		};
		EDABD9E91A7A0CD6006CFBA5 /* Release */ = {
			isa = XCBuildConfiguration;
			buildSettings = {
				ASSETCATALOG_COMPILER_APPICON_NAME = AppIcon;
				INFOPLIST_FILE = "Big Timer/Info.plist";
				LD_RUNPATH_SEARCH_PATHS = "$(inherited) @executable_path/Frameworks";
				PRODUCT_NAME = "$(TARGET_NAME)";
			};
			name = Release;
		};
		EDABD9EB1A7A0CD6006CFBA5 /* Debug */ = {
			isa = XCBuildConfiguration;
			buildSettings = {
				BUNDLE_LOADER = "$(TEST_HOST)";
				FRAMEWORK_SEARCH_PATHS = (
					"$(SDKROOT)/Developer/Library/Frameworks",
					"$(inherited)",
				);
				GCC_PREPROCESSOR_DEFINITIONS = (
					"DEBUG=1",
					"$(inherited)",
				);
				INFOPLIST_FILE = "Big TimerTests/Info.plist";
				LD_RUNPATH_SEARCH_PATHS = "$(inherited) @executable_path/Frameworks @loader_path/Frameworks";
				PRODUCT_NAME = "$(TARGET_NAME)";
				TEST_HOST = "$(BUILT_PRODUCTS_DIR)/Big Timer.app/Big Timer";
			};
			name = Debug;
		};
		EDABD9EC1A7A0CD6006CFBA5 /* Release */ = {
			isa = XCBuildConfiguration;
			buildSettings = {
				BUNDLE_LOADER = "$(TEST_HOST)";
				FRAMEWORK_SEARCH_PATHS = (
					"$(SDKROOT)/Developer/Library/Frameworks",
					"$(inherited)",
				);
				INFOPLIST_FILE = "Big TimerTests/Info.plist";
				LD_RUNPATH_SEARCH_PATHS = "$(inherited) @executable_path/Frameworks @loader_path/Frameworks";
				PRODUCT_NAME = "$(TARGET_NAME)";
				TEST_HOST = "$(BUILT_PRODUCTS_DIR)/Big Timer.app/Big Timer";
			};
			name = Release;
		};
/* End XCBuildConfiguration section */

/* Begin XCConfigurationList section */
		EDABD9C31A7A0CD6006CFBA5 /* Build configuration list for PBXProject "Big Timer" */ = {
			isa = XCConfigurationList;
			buildConfigurations = (
				EDABD9E51A7A0CD6006CFBA5 /* Debug */,
				EDABD9E61A7A0CD6006CFBA5 /* Release */,
			);
			defaultConfigurationIsVisible = 0;
			defaultConfigurationName = Release;
		};
		EDABD9E71A7A0CD6006CFBA5 /* Build configuration list for PBXNativeTarget "Big Timer" */ = {
			isa = XCConfigurationList;
			buildConfigurations = (
				EDABD9E81A7A0CD6006CFBA5 /* Debug */,
				EDABD9E91A7A0CD6006CFBA5 /* Release */,
			);
			defaultConfigurationIsVisible = 0;
			defaultConfigurationName = Release;
		};
		EDABD9EA1A7A0CD6006CFBA5 /* Build configuration list for PBXNativeTarget "Big TimerTests" */ = {
			isa = XCConfigurationList;
			buildConfigurations = (
				EDABD9EB1A7A0CD6006CFBA5 /* Debug */,
				EDABD9EC1A7A0CD6006CFBA5 /* Release */,
			);
			defaultConfigurationIsVisible = 0;
			defaultConfigurationName = Release;
		};
/* End XCConfigurationList section */
	};
	rootObject = EDABD9C01A7A0CD6006CFBA5 /* Project object */;
}
